// !$*UTF8*$!
{
	archiveVersion = 1;
	classes = {
	};
	objectVersion = 46;
	objects = {

/* Begin PBXGroup section */
		B63A969D14656852002D8A37 = {
			isa = PBXGroup;
			children = (
			);
			sourceTree = "<group>";
		};
/* End PBXGroup section */

/* Begin PBXProject section */
		B63A969F14656852002D8A37 /* Project object */ = {
			isa = PBXProject;
			attributes = {
				LastUpgradeCheck = 0420;
			};
			buildConfigurationList = B63A96A214656852002D8A37 /* Build configuration list for PBXProject "SimpleSprectrumAnalyzer" */;
			compatibilityVersion = "Xcode 3.2";
			developmentRegion = English;
			hasScannedForEncodings = 0;
			knownRegions = (
				en,
			);
			mainGroup = B63A969D14656852002D8A37;
			projectDirPath = "";
			projectRoot = "";
			targets = (
			);
		};
/* End PBXProject section */

/* Begin XCBuildConfiguration section */
		B63A96A414656852002D8A37 /* Debug */ = {
			isa = XCBuildConfiguration;
			buildSettings = {
			};
			name = Debug;
		};
		B63A96A514656852002D8A37 /* Release */ = {
			isa = XCBuildConfiguration;
			buildSettings = {
			};
			name = Release;
		};
/* End XCBuildConfiguration section */

/* Begin XCConfigurationList section */
		B63A96A214656852002D8A37 /* Build configuration list for PBXProject "SimpleSprectrumAnalyzer" */ = {
			isa = XCConfigurationList;
			buildConfigurations = (
				B63A96A414656852002D8A37 /* Debug */,
				B63A96A514656852002D8A37 /* Release */,
			);
			defaultConfigurationIsVisible = 0;
			defaultConfigurationName = Release;
		};
/* End XCConfigurationList section */
	};
	rootObject = B63A969F14656852002D8A37 /* Project object */;
}
