// !$*UTF8*$!
{
	archiveVersion = 1;
	classes = {
	};
	objectVersion = 46;
	objects = {

/* Begin PBXBuildFile section */
		B63A96F214657837002D8A37 /* Cocoa.framework in Frameworks */ = {isa = PBXBuildFile; fileRef = B63A96F114657837002D8A37 /* Cocoa.framework */; };
		B63A970214657955002D8A37 /* SimpleSpectrum_ViewFactory.h in Headers */ = {isa = PBXBuildFile; fileRef = B63A96E2146575AA002D8A37 /* SimpleSpectrum_ViewFactory.h */; };
		B63A970314657955002D8A37 /* SimpleSpectrum_UIView.h in Headers */ = {isa = PBXBuildFile; fileRef = B63A96E614657605002D8A37 /* SimpleSpectrum_UIView.h */; };
		B63A970414657955002D8A37 /* SimpleSpectrum_GraphView.h in Headers */ = {isa = PBXBuildFile; fileRef = B63A96E814657621002D8A37 /* SimpleSpectrum_GraphView.h */; };
		B63A970514657983002D8A37 /* SprectrumView.xib in Resources */ = {isa = PBXBuildFile; fileRef = B63A96B0146570EA002D8A37 /* SprectrumView.xib */; };
		B63A97061465799B002D8A37 /* SimpleSpectrum_ViewFactory.m in Sources */ = {isa = PBXBuildFile; fileRef = B63A96E3146575AA002D8A37 /* SimpleSpectrum_ViewFactory.m */; };
		B63A97071465799B002D8A37 /* SimpleSpectrum_UIView.m in Sources */ = {isa = PBXBuildFile; fileRef = B63A96E714657605002D8A37 /* SimpleSpectrum_UIView.m */; };
		B63A97081465799B002D8A37 /* SimpleSpectrum_GraphView.m in Sources */ = {isa = PBXBuildFile; fileRef = B63A96E914657621002D8A37 /* SimpleSpectrum_GraphView.m */; };
		B63A970B146579B2002D8A37 /* AudioToolbox.framework in Frameworks */ = {isa = PBXBuildFile; fileRef = B63A9709146579B2002D8A37 /* AudioToolbox.framework */; };
		B63A970C146579B2002D8A37 /* AudioUnit.framework in Frameworks */ = {isa = PBXBuildFile; fileRef = B63A970A146579B2002D8A37 /* AudioUnit.framework */; };
		B63A971214657AE9002D8A37 /* Cocoa.framework in Frameworks */ = {isa = PBXBuildFile; fileRef = B63A96F114657837002D8A37 /* Cocoa.framework */; };
		B63A972014657BD5002D8A37 /* SpectrumVersion.h in Headers */ = {isa = PBXBuildFile; fileRef = B63A96E014657361002D8A37 /* SpectrumVersion.h */; };
		B63A972114657BE8002D8A37 /* AUBase.h in Headers */ = {isa = PBXBuildFile; fileRef = B63A96B61465722B002D8A37 /* AUBase.h */; };
		B63A972214657BE8002D8A37 /* AUDispatch.h in Headers */ = {isa = PBXBuildFile; fileRef = B63A96B81465722B002D8A37 /* AUDispatch.h */; };
		B63A972314657BE8002D8A37 /* AUInputElement.h in Headers */ = {isa = PBXBuildFile; fileRef = B63A96BA1465722B002D8A37 /* AUInputElement.h */; };
		B63A972414657BE8002D8A37 /* AUOutputElement.h in Headers */ = {isa = PBXBuildFile; fileRef = B63A96BC1465722B002D8A37 /* AUOutputElement.h */; };
		B63A972514657BE8002D8A37 /* AUPlugInDispatch.h in Headers */ = {isa = PBXBuildFile; fileRef = B63A96BE1465722B002D8A37 /* AUPlugInDispatch.h */; };
		B63A972614657BE8002D8A37 /* AUScopeElement.h in Headers */ = {isa = PBXBuildFile; fileRef = B63A96C11465722B002D8A37 /* AUScopeElement.h */; };
		B63A972714657BE8002D8A37 /* ComponentBase.h in Headers */ = {isa = PBXBuildFile; fileRef = B63A96C31465722B002D8A37 /* ComponentBase.h */; };
		B63A972814657BFE002D8A37 /* AUEffectBase.h in Headers */ = {isa = PBXBuildFile; fileRef = B63A96C8146572A2002D8A37 /* AUEffectBase.h */; };
		B63A972914657C13002D8A37 /* AUBaseHelper.h in Headers */ = {isa = PBXBuildFile; fileRef = B63A96D5146572AE002D8A37 /* AUBaseHelper.h */; };
		B63A972A14657C13002D8A37 /* AUBuffer.h in Headers */ = {isa = PBXBuildFile; fileRef = B63A96D7146572AE002D8A37 /* AUBuffer.h */; };
		B63A972B14657C13002D8A37 /* AUInputFormatConverter.h in Headers */ = {isa = PBXBuildFile; fileRef = B63A96D8146572AE002D8A37 /* AUInputFormatConverter.h */; };
		B63A972C14657C13002D8A37 /* AUMIDIDefs.h in Headers */ = {isa = PBXBuildFile; fileRef = B63A96D9146572AE002D8A37 /* AUMIDIDefs.h */; };
		B63A972D14657C13002D8A37 /* AUSilentTimeout.h in Headers */ = {isa = PBXBuildFile; fileRef = B63A96DA146572AE002D8A37 /* AUSilentTimeout.h */; };
		B63A972E14657C13002D8A37 /* AUTimestampGenerator.h in Headers */ = {isa = PBXBuildFile; fileRef = B63A96DC146572AE002D8A37 /* AUTimestampGenerator.h */; };
		B63A972F14657C55002D8A37 /* AUBaseHelper.cpp in Sources */ = {isa = PBXBuildFile; fileRef = B63A96D4146572AE002D8A37 /* AUBaseHelper.cpp */; };
		B63A973014657C55002D8A37 /* AUBuffer.cpp in Sources */ = {isa = PBXBuildFile; fileRef = B63A96D6146572AE002D8A37 /* AUBuffer.cpp */; };
		B63A973114657C55002D8A37 /* AUTimestampGenerator.cpp in Sources */ = {isa = PBXBuildFile; fileRef = B63A96DB146572AE002D8A37 /* AUTimestampGenerator.cpp */; };
		B63A973214657C55002D8A37 /* AUEffectBase.cpp in Sources */ = {isa = PBXBuildFile; fileRef = B63A96C7146572A2002D8A37 /* AUEffectBase.cpp */; };
		B63A973314657C55002D8A37 /* AUBase.cpp in Sources */ = {isa = PBXBuildFile; fileRef = B63A96B51465722B002D8A37 /* AUBase.cpp */; };
		B63A973414657C55002D8A37 /* AUDispatch.cpp in Sources */ = {isa = PBXBuildFile; fileRef = B63A96B71465722B002D8A37 /* AUDispatch.cpp */; };
		B63A973514657C55002D8A37 /* AUInputElement.cpp in Sources */ = {isa = PBXBuildFile; fileRef = B63A96B91465722B002D8A37 /* AUInputElement.cpp */; };
		B63A973614657C55002D8A37 /* AUOutputElement.cpp in Sources */ = {isa = PBXBuildFile; fileRef = B63A96BB1465722B002D8A37 /* AUOutputElement.cpp */; };
		B63A973714657C55002D8A37 /* AUPlugInDispatch.cpp in Sources */ = {isa = PBXBuildFile; fileRef = B63A96BD1465722B002D8A37 /* AUPlugInDispatch.cpp */; };
		B63A973814657C55002D8A37 /* AUScopeElement.cpp in Sources */ = {isa = PBXBuildFile; fileRef = B63A96C01465722B002D8A37 /* AUScopeElement.cpp */; };
		B63A973914657C55002D8A37 /* ComponentBase.cpp in Sources */ = {isa = PBXBuildFile; fileRef = B63A96C21465722B002D8A37 /* ComponentBase.cpp */; };
		B63A973A14657C55002D8A37 /* Spectrum.cpp in Sources */ = {isa = PBXBuildFile; fileRef = B63A96DE14657324002D8A37 /* Spectrum.cpp */; };
		B63A973B14657C6F002D8A37 /* AudioToolbox.framework in Frameworks */ = {isa = PBXBuildFile; fileRef = B63A9709146579B2002D8A37 /* AudioToolbox.framework */; };
		B63A973C14657C6F002D8A37 /* AudioUnit.framework in Frameworks */ = {isa = PBXBuildFile; fileRef = B63A970A146579B2002D8A37 /* AudioUnit.framework */; };
		B63A974014657C83002D8A37 /* CoreServices.framework in Frameworks */ = {isa = PBXBuildFile; fileRef = B63A973F14657C83002D8A37 /* CoreServices.framework */; };
		B63A974414657D35002D8A37 /* Spectrum.r in Rez */ = {isa = PBXBuildFile; fileRef = B63A96E11465738D002D8A37 /* Spectrum.r */; };
		B63A974D14658362002D8A37 /* InfoPlist.strings in Resources */ = {isa = PBXBuildFile; fileRef = B63A974B14658362002D8A37 /* InfoPlist.strings */; };
		B63A975014658399002D8A37 /* InfoPlist.strings in Resources */ = {isa = PBXBuildFile; fileRef = B63A974E14658399002D8A37 /* InfoPlist.strings */; };
		B63A975214658407002D8A37 /* SpectrumAU-Prefix.pch in Headers */ = {isa = PBXBuildFile; fileRef = B63A975114658407002D8A37 /* SpectrumAU-Prefix.pch */; };
		B63A975414658417002D8A37 /* SpectrumCocoaView-Prefix.pch in Headers */ = {isa = PBXBuildFile; fileRef = B63A975314658417002D8A37 /* SpectrumCocoaView-Prefix.pch */; };
		B63A9755146584D4002D8A37 /* Spectrum.h in Headers */ = {isa = PBXBuildFile; fileRef = B63A96DD14657318002D8A37 /* Spectrum.h */; };
		B63A975714658689002D8A37 /* SpectrumCocoaView.bundle in Resources */ = {isa = PBXBuildFile; fileRef = B63A96EE14657836002D8A37 /* SpectrumCocoaView.bundle */; };
		B63A97CE146588D5002D8A37 /* AUOutputBL.cpp in Sources */ = {isa = PBXBuildFile; fileRef = B63A9759146588D5002D8A37 /* AUOutputBL.cpp */; };
		B63A97CF146588D5002D8A37 /* AUOutputBL.h in Headers */ = {isa = PBXBuildFile; fileRef = B63A975A146588D5002D8A37 /* AUOutputBL.h */; };
		B63A97D0146588D5002D8A37 /* AUParamInfo.cpp in Sources */ = {isa = PBXBuildFile; fileRef = B63A975B146588D5002D8A37 /* AUParamInfo.cpp */; };
		B63A97D1146588D5002D8A37 /* AUParamInfo.h in Headers */ = {isa = PBXBuildFile; fileRef = B63A975C146588D5002D8A37 /* AUParamInfo.h */; };
		B63A97D2146588D5002D8A37 /* CAAtomic.h in Headers */ = {isa = PBXBuildFile; fileRef = B63A975D146588D5002D8A37 /* CAAtomic.h */; };
		B63A97D3146588D5002D8A37 /* CAAtomicStack.h in Headers */ = {isa = PBXBuildFile; fileRef = B63A975E146588D5002D8A37 /* CAAtomicStack.h */; };
		B63A97D4146588D5002D8A37 /* CAAudioBufferList.cpp in Sources */ = {isa = PBXBuildFile; fileRef = B63A975F146588D5002D8A37 /* CAAudioBufferList.cpp */; };
		B63A97D5146588D5002D8A37 /* CAAudioBufferList.h in Headers */ = {isa = PBXBuildFile; fileRef = B63A9760146588D5002D8A37 /* CAAudioBufferList.h */; };
		B63A97D6146588D5002D8A37 /* CAAudioChannelLayout.cpp in Sources */ = {isa = PBXBuildFile; fileRef = B63A9761146588D5002D8A37 /* CAAudioChannelLayout.cpp */; };
		B63A97D7146588D5002D8A37 /* CAAudioChannelLayout.h in Headers */ = {isa = PBXBuildFile; fileRef = B63A9762146588D5002D8A37 /* CAAudioChannelLayout.h */; };
		B63A97D8146588D5002D8A37 /* CAAudioChannelLayoutObject.cpp in Sources */ = {isa = PBXBuildFile; fileRef = B63A9763146588D5002D8A37 /* CAAudioChannelLayoutObject.cpp */; };
		B63A97D9146588D5002D8A37 /* CAAudioFileFormats.cpp in Sources */ = {isa = PBXBuildFile; fileRef = B63A9764146588D5002D8A37 /* CAAudioFileFormats.cpp */; };
		B63A97DA146588D5002D8A37 /* CAAudioFileFormats.h in Headers */ = {isa = PBXBuildFile; fileRef = B63A9765146588D5002D8A37 /* CAAudioFileFormats.h */; };
		B63A97DB146588D5002D8A37 /* CAAudioTimeStamp.cpp in Sources */ = {isa = PBXBuildFile; fileRef = B63A9766146588D5002D8A37 /* CAAudioTimeStamp.cpp */; };
		B63A97DC146588D5002D8A37 /* CAAudioTimeStamp.h in Headers */ = {isa = PBXBuildFile; fileRef = B63A9767146588D5002D8A37 /* CAAudioTimeStamp.h */; };
		B63A97DD146588D5002D8A37 /* CAAudioUnit.cpp in Sources */ = {isa = PBXBuildFile; fileRef = B63A9768146588D5002D8A37 /* CAAudioUnit.cpp */; };
		B63A97DE146588D5002D8A37 /* CAAudioUnit.h in Headers */ = {isa = PBXBuildFile; fileRef = B63A9769146588D5002D8A37 /* CAAudioUnit.h */; };
		B63A97DF146588D5002D8A37 /* CAAudioUnitOutputCapturer.h in Headers */ = {isa = PBXBuildFile; fileRef = B63A976A146588D5002D8A37 /* CAAudioUnitOutputCapturer.h */; };
		B63A97E0146588D5002D8A37 /* CAAudioValueRange.cpp in Sources */ = {isa = PBXBuildFile; fileRef = B63A976B146588D5002D8A37 /* CAAudioValueRange.cpp */; };
		B63A97E1146588D5002D8A37 /* CAAudioValueRange.h in Headers */ = {isa = PBXBuildFile; fileRef = B63A976C146588D5002D8A37 /* CAAudioValueRange.h */; };
		B63A97E6146588D5002D8A37 /* CAAUParameter.cpp in Sources */ = {isa = PBXBuildFile; fileRef = B63A9771146588D5002D8A37 /* CAAUParameter.cpp */; };
		B63A97E7146588D5002D8A37 /* CAAUParameter.h in Headers */ = {isa = PBXBuildFile; fileRef = B63A9772146588D5002D8A37 /* CAAUParameter.h */; };
		B63A97E8146588D5002D8A37 /* CAAUProcessor.cpp in Sources */ = {isa = PBXBuildFile; fileRef = B63A9773146588D5002D8A37 /* CAAUProcessor.cpp */; };
		B63A97E9146588D5002D8A37 /* CAAUProcessor.h in Headers */ = {isa = PBXBuildFile; fileRef = B63A9774146588D5002D8A37 /* CAAUProcessor.h */; };
		B63A97EA146588D5002D8A37 /* CAAutoDisposer.h in Headers */ = {isa = PBXBuildFile; fileRef = B63A9775146588D5002D8A37 /* CAAutoDisposer.h */; };
		B63A97EB146588D5002D8A37 /* CABitOperations.h in Headers */ = {isa = PBXBuildFile; fileRef = B63A9776146588D5002D8A37 /* CABitOperations.h */; };
		B63A97EC146588D5002D8A37 /* CABool.h in Headers */ = {isa = PBXBuildFile; fileRef = B63A9777146588D5002D8A37 /* CABool.h */; };
		B63A97ED146588D5002D8A37 /* CABufferList.cpp in Sources */ = {isa = PBXBuildFile; fileRef = B63A9778146588D5002D8A37 /* CABufferList.cpp */; };
		B63A97EE146588D5002D8A37 /* CABufferList.h in Headers */ = {isa = PBXBuildFile; fileRef = B63A9779146588D5002D8A37 /* CABufferList.h */; };
		B63A97EF146588D5002D8A37 /* CABundleLocker.cpp in Sources */ = {isa = PBXBuildFile; fileRef = B63A977A146588D5002D8A37 /* CABundleLocker.cpp */; };
		B63A97F0146588D5002D8A37 /* CABundleLocker.h in Headers */ = {isa = PBXBuildFile; fileRef = B63A977B146588D5002D8A37 /* CABundleLocker.h */; };
		B63A97F1146588D5002D8A37 /* CAByteOrder.h in Headers */ = {isa = PBXBuildFile; fileRef = B63A977C146588D5002D8A37 /* CAByteOrder.h */; };
		B63A97F2146588D5002D8A37 /* CACFArray.cpp in Sources */ = {isa = PBXBuildFile; fileRef = B63A977D146588D5002D8A37 /* CACFArray.cpp */; };
		B63A97F3146588D5002D8A37 /* CACFArray.h in Headers */ = {isa = PBXBuildFile; fileRef = B63A977E146588D5002D8A37 /* CACFArray.h */; };
		B63A97F4146588D5002D8A37 /* CACFData.h in Headers */ = {isa = PBXBuildFile; fileRef = B63A977F146588D5002D8A37 /* CACFData.h */; };
		B63A97F5146588D5002D8A37 /* CACFDictionary.cpp in Sources */ = {isa = PBXBuildFile; fileRef = B63A9780146588D5002D8A37 /* CACFDictionary.cpp */; };
		B63A97F6146588D5002D8A37 /* CACFDictionary.h in Headers */ = {isa = PBXBuildFile; fileRef = B63A9781146588D5002D8A37 /* CACFDictionary.h */; };
		B63A97F7146588D5002D8A37 /* CACFDistributedNotification.cpp in Sources */ = {isa = PBXBuildFile; fileRef = B63A9782146588D5002D8A37 /* CACFDistributedNotification.cpp */; };
		B63A97F8146588D5002D8A37 /* CACFDistributedNotification.h in Headers */ = {isa = PBXBuildFile; fileRef = B63A9783146588D5002D8A37 /* CACFDistributedNotification.h */; };
		B63A97F9146588D5002D8A37 /* CACFMachPort.cpp in Sources */ = {isa = PBXBuildFile; fileRef = B63A9784146588D5002D8A37 /* CACFMachPort.cpp */; };
		B63A97FA146588D5002D8A37 /* CACFMachPort.h in Headers */ = {isa = PBXBuildFile; fileRef = B63A9785146588D5002D8A37 /* CACFMachPort.h */; };
		B63A97FB146588D5002D8A37 /* CACFMessagePort.cpp in Sources */ = {isa = PBXBuildFile; fileRef = B63A9786146588D5002D8A37 /* CACFMessagePort.cpp */; };
		B63A97FC146588D5002D8A37 /* CACFMessagePort.h in Headers */ = {isa = PBXBuildFile; fileRef = B63A9787146588D5002D8A37 /* CACFMessagePort.h */; };
		B63A97FD146588D5002D8A37 /* CACFNumber.cpp in Sources */ = {isa = PBXBuildFile; fileRef = B63A9788146588D5002D8A37 /* CACFNumber.cpp */; };
		B63A97FE146588D5002D8A37 /* CACFNumber.h in Headers */ = {isa = PBXBuildFile; fileRef = B63A9789146588D5002D8A37 /* CACFNumber.h */; };
		B63A97FF146588D5002D8A37 /* CACFObject.h in Headers */ = {isa = PBXBuildFile; fileRef = B63A978A146588D5002D8A37 /* CACFObject.h */; };
		B63A9800146588D5002D8A37 /* CACFPlugIn.h in Headers */ = {isa = PBXBuildFile; fileRef = B63A978B146588D5002D8A37 /* CACFPlugIn.h */; };
		B63A9801146588D5002D8A37 /* CACFPreferences.cpp in Sources */ = {isa = PBXBuildFile; fileRef = B63A978C146588D5002D8A37 /* CACFPreferences.cpp */; };
		B63A9802146588D5002D8A37 /* CACFPreferences.h in Headers */ = {isa = PBXBuildFile; fileRef = B63A978D146588D5002D8A37 /* CACFPreferences.h */; };
		B63A9803146588D5002D8A37 /* CACFString.cpp in Sources */ = {isa = PBXBuildFile; fileRef = B63A978E146588D5002D8A37 /* CACFString.cpp */; };
		B63A9804146588D5002D8A37 /* CACFString.h in Headers */ = {isa = PBXBuildFile; fileRef = B63A978F146588D5002D8A37 /* CACFString.h */; };
		B63A9805146588D5002D8A37 /* CAComponent.cpp in Sources */ = {isa = PBXBuildFile; fileRef = B63A9790146588D5002D8A37 /* CAComponent.cpp */; };
		B63A9806146588D5002D8A37 /* CAComponent.h in Headers */ = {isa = PBXBuildFile; fileRef = B63A9791146588D5002D8A37 /* CAComponent.h */; };
		B63A9807146588D5002D8A37 /* CAComponentDescription.cpp in Sources */ = {isa = PBXBuildFile; fileRef = B63A9792146588D5002D8A37 /* CAComponentDescription.cpp */; };
		B63A9808146588D5002D8A37 /* CAComponentDescription.h in Headers */ = {isa = PBXBuildFile; fileRef = B63A9793146588D5002D8A37 /* CAComponentDescription.h */; };
		B63A9809146588D5002D8A37 /* CADebugger.cpp in Sources */ = {isa = PBXBuildFile; fileRef = B63A9794146588D5002D8A37 /* CADebugger.cpp */; };
		B63A980A146588D5002D8A37 /* CADebugger.h in Headers */ = {isa = PBXBuildFile; fileRef = B63A9795146588D5002D8A37 /* CADebugger.h */; };
		B63A980B146588D5002D8A37 /* CADebugMacros.cpp in Sources */ = {isa = PBXBuildFile; fileRef = B63A9796146588D5002D8A37 /* CADebugMacros.cpp */; };
		B63A980C146588D5002D8A37 /* CADebugMacros.h in Headers */ = {isa = PBXBuildFile; fileRef = B63A9797146588D5002D8A37 /* CADebugMacros.h */; };
		B63A980D146588D5002D8A37 /* CADebugPrintf.cpp in Sources */ = {isa = PBXBuildFile; fileRef = B63A9798146588D5002D8A37 /* CADebugPrintf.cpp */; };
		B63A980E146588D5002D8A37 /* CADebugPrintf.h in Headers */ = {isa = PBXBuildFile; fileRef = B63A9799146588D5002D8A37 /* CADebugPrintf.h */; };
		B63A980F146588D5002D8A37 /* CAException.h in Headers */ = {isa = PBXBuildFile; fileRef = B63A979A146588D5002D8A37 /* CAException.h */; };
		B63A9813146588D5002D8A37 /* CAGuard.cpp in Sources */ = {isa = PBXBuildFile; fileRef = B63A979E146588D5002D8A37 /* CAGuard.cpp */; };
		B63A9814146588D5002D8A37 /* CAGuard.h in Headers */ = {isa = PBXBuildFile; fileRef = B63A979F146588D5002D8A37 /* CAGuard.h */; };
		B63A981D146588D6002D8A37 /* CAHostTimeBase.cpp in Sources */ = {isa = PBXBuildFile; fileRef = B63A97A8146588D5002D8A37 /* CAHostTimeBase.cpp */; };
		B63A981E146588D6002D8A37 /* CAHostTimeBase.h in Headers */ = {isa = PBXBuildFile; fileRef = B63A97A9146588D5002D8A37 /* CAHostTimeBase.h */; };
		B63A981F146588D6002D8A37 /* CALogMacros.h in Headers */ = {isa = PBXBuildFile; fileRef = B63A97AA146588D5002D8A37 /* CALogMacros.h */; };
		B63A9820146588D6002D8A37 /* CAMath.h in Headers */ = {isa = PBXBuildFile; fileRef = B63A97AB146588D5002D8A37 /* CAMath.h */; };
		B63A9821146588D6002D8A37 /* CAMixMap.h in Headers */ = {isa = PBXBuildFile; fileRef = B63A97AC146588D5002D8A37 /* CAMixMap.h */; };
		B63A9822146588D6002D8A37 /* CAMutex.cpp in Sources */ = {isa = PBXBuildFile; fileRef = B63A97AD146588D5002D8A37 /* CAMutex.cpp */; };
		B63A9823146588D6002D8A37 /* CAMutex.h in Headers */ = {isa = PBXBuildFile; fileRef = B63A97AE146588D5002D8A37 /* CAMutex.h */; };
		B63A9824146588D6002D8A37 /* CAPersistence.cpp in Sources */ = {isa = PBXBuildFile; fileRef = B63A97AF146588D5002D8A37 /* CAPersistence.cpp */; };
		B63A9827146588D6002D8A37 /* CAPropertyAddress.h in Headers */ = {isa = PBXBuildFile; fileRef = B63A97B2146588D5002D8A37 /* CAPropertyAddress.h */; };
		B63A9828146588D6002D8A37 /* CAPThread.cpp in Sources */ = {isa = PBXBuildFile; fileRef = B63A97B3146588D5002D8A37 /* CAPThread.cpp */; };
		B63A9829146588D6002D8A37 /* CAPThread.h in Headers */ = {isa = PBXBuildFile; fileRef = B63A97B4146588D5002D8A37 /* CAPThread.h */; };
		B63A982A146588D6002D8A37 /* CAReferenceCounted.h in Headers */ = {isa = PBXBuildFile; fileRef = B63A97B5146588D5002D8A37 /* CAReferenceCounted.h */; };
		B63A982B146588D6002D8A37 /* CARingBuffer.cpp in Sources */ = {isa = PBXBuildFile; fileRef = B63A97B6146588D5002D8A37 /* CARingBuffer.cpp */; };
		B63A982C146588D6002D8A37 /* CARingBuffer.h in Headers */ = {isa = PBXBuildFile; fileRef = B63A97B7146588D5002D8A37 /* CARingBuffer.h */; };
		B63A982D146588D6002D8A37 /* CASettingsStorage.cpp in Sources */ = {isa = PBXBuildFile; fileRef = B63A97B8146588D5002D8A37 /* CASettingsStorage.cpp */; };
		B63A982E146588D6002D8A37 /* CASettingsStorage.h in Headers */ = {isa = PBXBuildFile; fileRef = B63A97B9146588D5002D8A37 /* CASettingsStorage.h */; };
		B63A982F146588D6002D8A37 /* CASharedLibrary.cpp in Sources */ = {isa = PBXBuildFile; fileRef = B63A97BA146588D5002D8A37 /* CASharedLibrary.cpp */; };
		B63A9830146588D6002D8A37 /* CASharedLibrary.h in Headers */ = {isa = PBXBuildFile; fileRef = B63A97BB146588D5002D8A37 /* CASharedLibrary.h */; };
		B63A9833146588D6002D8A37 /* CAStreamBasicDescription.cpp in Sources */ = {isa = PBXBuildFile; fileRef = B63A97BE146588D5002D8A37 /* CAStreamBasicDescription.cpp */; };
		B63A9834146588D6002D8A37 /* CAStreamBasicDescription.h in Headers */ = {isa = PBXBuildFile; fileRef = B63A97BF146588D5002D8A37 /* CAStreamBasicDescription.h */; };
		B63A9835146588D6002D8A37 /* CAStreamRangedDescription.cpp in Sources */ = {isa = PBXBuildFile; fileRef = B63A97C0146588D5002D8A37 /* CAStreamRangedDescription.cpp */; };
		B63A9836146588D6002D8A37 /* CAStreamRangedDescription.h in Headers */ = {isa = PBXBuildFile; fileRef = B63A97C1146588D5002D8A37 /* CAStreamRangedDescription.h */; };
		B63A9837146588D6002D8A37 /* CAThreadSafeList.h in Headers */ = {isa = PBXBuildFile; fileRef = B63A97C2146588D5002D8A37 /* CAThreadSafeList.h */; };
		B63A9838146588D6002D8A37 /* CATink.h in Headers */ = {isa = PBXBuildFile; fileRef = B63A97C3146588D5002D8A37 /* CATink.h */; };
		B63A9839146588D6002D8A37 /* CATokenMap.h in Headers */ = {isa = PBXBuildFile; fileRef = B63A97C4146588D5002D8A37 /* CATokenMap.h */; };
		B63A983A146588D6002D8A37 /* CAVectorUnit.cpp in Sources */ = {isa = PBXBuildFile; fileRef = B63A97C5146588D5002D8A37 /* CAVectorUnit.cpp */; };
		B63A983B146588D6002D8A37 /* CAVectorUnit.h in Headers */ = {isa = PBXBuildFile; fileRef = B63A97C6146588D5002D8A37 /* CAVectorUnit.h */; };
		B63A983C146588D6002D8A37 /* CAVectorUnitTypes.h in Headers */ = {isa = PBXBuildFile; fileRef = B63A97C7146588D5002D8A37 /* CAVectorUnitTypes.h */; };
		B63A983D146588D6002D8A37 /* CAVolumeCurve.cpp in Sources */ = {isa = PBXBuildFile; fileRef = B63A97C8146588D5002D8A37 /* CAVolumeCurve.cpp */; };
		B63A983E146588D6002D8A37 /* CAVolumeCurve.h in Headers */ = {isa = PBXBuildFile; fileRef = B63A97C9146588D5002D8A37 /* CAVolumeCurve.h */; };
		B63A983F146588D6002D8A37 /* CAXException.cpp in Sources */ = {isa = PBXBuildFile; fileRef = B63A97CA146588D5002D8A37 /* CAXException.cpp */; };
		B63A9840146588D6002D8A37 /* CAXException.h in Headers */ = {isa = PBXBuildFile; fileRef = B63A97CB146588D5002D8A37 /* CAXException.h */; };
		B63A9AE91465A345002D8A37 /* CAAUMIDIMap.cpp in Sources */ = {isa = PBXBuildFile; fileRef = B63A9ADE1465A344002D8A37 /* CAAUMIDIMap.cpp */; };
		B63A9AEA1465A345002D8A37 /* CAAUMIDIMap.h in Headers */ = {isa = PBXBuildFile; fileRef = B63A9ADF1465A344002D8A37 /* CAAUMIDIMap.h */; };
		B63A9AEB1465A345002D8A37 /* CAAUMIDIMapManager.cpp in Sources */ = {isa = PBXBuildFile; fileRef = B63A9AE01465A344002D8A37 /* CAAUMIDIMapManager.cpp */; };
		B63A9AEC1465A345002D8A37 /* CAAUMIDIMapManager.h in Headers */ = {isa = PBXBuildFile; fileRef = B63A9AE11465A344002D8A37 /* CAAUMIDIMapManager.h */; };
		B63A9AED1465A345002D8A37 /* CAExtAudioFile.h in Headers */ = {isa = PBXBuildFile; fileRef = B63A9AE21465A344002D8A37 /* CAExtAudioFile.h */; };
		B63A9AF21465A345002D8A37 /* MatrixMixerVolumes.cpp in Sources */ = {isa = PBXBuildFile; fileRef = B63A9AE71465A345002D8A37 /* MatrixMixerVolumes.cpp */; };
		B63A9AF31465A345002D8A37 /* MatrixMixerVolumes.h in Headers */ = {isa = PBXBuildFile; fileRef = B63A9AE81465A345002D8A37 /* MatrixMixerVolumes.h */; };
/* End PBXBuildFile section */

/* Begin PBXContainerItemProxy section */
		B63A984314659ED0002D8A37 /* PBXContainerItemProxy */ = {
			isa = PBXContainerItemProxy;
			containerPortal = B63A969F14656852002D8A37 /* Project object */;
			proxyType = 1;
			remoteGlobalIDString = B63A96ED14657836002D8A37;
			remoteInfo = SpectrumCocoaView;
		};
/* End PBXContainerItemProxy section */

/* Begin PBXCopyFilesBuildPhase section */
		B63A974514657D4A002D8A37 /* CopyFiles */ = {
			isa = PBXCopyFilesBuildPhase;
			buildActionMask = 2147483647;
			dstPath = "";
			dstSubfolderSpec = 7;
			files = (
			);
			runOnlyForDeploymentPostprocessing = 0;
		};
/* End PBXCopyFilesBuildPhase section */

/* Begin PBXFileReference section */
		B63A96B0146570EA002D8A37 /* SprectrumView.xib */ = {isa = PBXFileReference; lastKnownFileType = file.xib; path = SprectrumView.xib; sourceTree = "<group>"; };
		B63A96B51465722B002D8A37 /* AUBase.cpp */ = {isa = PBXFileReference; lastKnownFileType = sourcecode.cpp.cpp; path = AUBase.cpp; sourceTree = "<group>"; };
		B63A96B61465722B002D8A37 /* AUBase.h */ = {isa = PBXFileReference; lastKnownFileType = sourcecode.c.h; path = AUBase.h; sourceTree = "<group>"; };
		B63A96B71465722B002D8A37 /* AUDispatch.cpp */ = {isa = PBXFileReference; lastKnownFileType = sourcecode.cpp.cpp; path = AUDispatch.cpp; sourceTree = "<group>"; };
		B63A96B81465722B002D8A37 /* AUDispatch.h */ = {isa = PBXFileReference; lastKnownFileType = sourcecode.c.h; path = AUDispatch.h; sourceTree = "<group>"; };
		B63A96B91465722B002D8A37 /* AUInputElement.cpp */ = {isa = PBXFileReference; lastKnownFileType = sourcecode.cpp.cpp; path = AUInputElement.cpp; sourceTree = "<group>"; };
		B63A96BA1465722B002D8A37 /* AUInputElement.h */ = {isa = PBXFileReference; lastKnownFileType = sourcecode.c.h; path = AUInputElement.h; sourceTree = "<group>"; };
		B63A96BB1465722B002D8A37 /* AUOutputElement.cpp */ = {isa = PBXFileReference; lastKnownFileType = sourcecode.cpp.cpp; path = AUOutputElement.cpp; sourceTree = "<group>"; };
		B63A96BC1465722B002D8A37 /* AUOutputElement.h */ = {isa = PBXFileReference; lastKnownFileType = sourcecode.c.h; path = AUOutputElement.h; sourceTree = "<group>"; };
		B63A96BD1465722B002D8A37 /* AUPlugInDispatch.cpp */ = {isa = PBXFileReference; lastKnownFileType = sourcecode.cpp.cpp; path = AUPlugInDispatch.cpp; sourceTree = "<group>"; };
		B63A96BE1465722B002D8A37 /* AUPlugInDispatch.h */ = {isa = PBXFileReference; lastKnownFileType = sourcecode.c.h; path = AUPlugInDispatch.h; sourceTree = "<group>"; };
		B63A96BF1465722B002D8A37 /* AUResources.r */ = {isa = PBXFileReference; lastKnownFileType = sourcecode.rez; path = AUResources.r; sourceTree = "<group>"; };
		B63A96C01465722B002D8A37 /* AUScopeElement.cpp */ = {isa = PBXFileReference; lastKnownFileType = sourcecode.cpp.cpp; path = AUScopeElement.cpp; sourceTree = "<group>"; };
		B63A96C11465722B002D8A37 /* AUScopeElement.h */ = {isa = PBXFileReference; lastKnownFileType = sourcecode.c.h; path = AUScopeElement.h; sourceTree = "<group>"; };
		B63A96C21465722B002D8A37 /* ComponentBase.cpp */ = {isa = PBXFileReference; lastKnownFileType = sourcecode.cpp.cpp; path = ComponentBase.cpp; sourceTree = "<group>"; };
		B63A96C31465722B002D8A37 /* ComponentBase.h */ = {isa = PBXFileReference; lastKnownFileType = sourcecode.c.h; path = ComponentBase.h; sourceTree = "<group>"; };
		B63A96C7146572A2002D8A37 /* AUEffectBase.cpp */ = {isa = PBXFileReference; lastKnownFileType = sourcecode.cpp.cpp; path = AUEffectBase.cpp; sourceTree = "<group>"; };
		B63A96C8146572A2002D8A37 /* AUEffectBase.h */ = {isa = PBXFileReference; lastKnownFileType = sourcecode.c.h; path = AUEffectBase.h; sourceTree = "<group>"; };
		B63A96D4146572AE002D8A37 /* AUBaseHelper.cpp */ = {isa = PBXFileReference; lastKnownFileType = sourcecode.cpp.cpp; path = AUBaseHelper.cpp; sourceTree = "<group>"; };
		B63A96D5146572AE002D8A37 /* AUBaseHelper.h */ = {isa = PBXFileReference; lastKnownFileType = sourcecode.c.h; path = AUBaseHelper.h; sourceTree = "<group>"; };
		B63A96D6146572AE002D8A37 /* AUBuffer.cpp */ = {isa = PBXFileReference; lastKnownFileType = sourcecode.cpp.cpp; path = AUBuffer.cpp; sourceTree = "<group>"; };
		B63A96D7146572AE002D8A37 /* AUBuffer.h */ = {isa = PBXFileReference; lastKnownFileType = sourcecode.c.h; path = AUBuffer.h; sourceTree = "<group>"; };
		B63A96D8146572AE002D8A37 /* AUInputFormatConverter.h */ = {isa = PBXFileReference; lastKnownFileType = sourcecode.c.h; path = AUInputFormatConverter.h; sourceTree = "<group>"; };
		B63A96D9146572AE002D8A37 /* AUMIDIDefs.h */ = {isa = PBXFileReference; lastKnownFileType = sourcecode.c.h; path = AUMIDIDefs.h; sourceTree = "<group>"; };
		B63A96DA146572AE002D8A37 /* AUSilentTimeout.h */ = {isa = PBXFileReference; lastKnownFileType = sourcecode.c.h; path = AUSilentTimeout.h; sourceTree = "<group>"; };
		B63A96DB146572AE002D8A37 /* AUTimestampGenerator.cpp */ = {isa = PBXFileReference; lastKnownFileType = sourcecode.cpp.cpp; path = AUTimestampGenerator.cpp; sourceTree = "<group>"; };
		B63A96DC146572AE002D8A37 /* AUTimestampGenerator.h */ = {isa = PBXFileReference; lastKnownFileType = sourcecode.c.h; path = AUTimestampGenerator.h; sourceTree = "<group>"; };
		B63A96DD14657318002D8A37 /* Spectrum.h */ = {isa = PBXFileReference; lastKnownFileType = sourcecode.c.h; path = Spectrum.h; sourceTree = "<group>"; };
		B63A96DE14657324002D8A37 /* Spectrum.cpp */ = {isa = PBXFileReference; lastKnownFileType = sourcecode.cpp.cpp; path = Spectrum.cpp; sourceTree = "<group>"; };
		B63A96DF14657343002D8A37 /* Spectrum.exp */ = {isa = PBXFileReference; lastKnownFileType = sourcecode.exports; path = Spectrum.exp; sourceTree = "<group>"; };
		B63A96E014657361002D8A37 /* SpectrumVersion.h */ = {isa = PBXFileReference; lastKnownFileType = sourcecode.c.h; path = SpectrumVersion.h; sourceTree = "<group>"; };
		B63A96E11465738D002D8A37 /* Spectrum.r */ = {isa = PBXFileReference; lastKnownFileType = sourcecode.rez; path = Spectrum.r; sourceTree = "<group>"; };
		B63A96E2146575AA002D8A37 /* SimpleSpectrum_ViewFactory.h */ = {isa = PBXFileReference; lastKnownFileType = sourcecode.c.h; path = SimpleSpectrum_ViewFactory.h; sourceTree = "<group>"; };
		B63A96E3146575AA002D8A37 /* SimpleSpectrum_ViewFactory.m */ = {isa = PBXFileReference; lastKnownFileType = sourcecode.c.objc; path = SimpleSpectrum_ViewFactory.m; sourceTree = "<group>"; };
		B63A96E614657605002D8A37 /* SimpleSpectrum_UIView.h */ = {isa = PBXFileReference; lastKnownFileType = sourcecode.c.h; path = SimpleSpectrum_UIView.h; sourceTree = "<group>"; };
		B63A96E714657605002D8A37 /* SimpleSpectrum_UIView.m */ = {isa = PBXFileReference; lastKnownFileType = sourcecode.c.objc; path = SimpleSpectrum_UIView.m; sourceTree = "<group>"; };
		B63A96E814657621002D8A37 /* SimpleSpectrum_GraphView.h */ = {isa = PBXFileReference; lastKnownFileType = sourcecode.c.h; path = SimpleSpectrum_GraphView.h; sourceTree = "<group>"; };
		B63A96E914657621002D8A37 /* SimpleSpectrum_GraphView.m */ = {isa = PBXFileReference; lastKnownFileType = sourcecode.c.objc; path = SimpleSpectrum_GraphView.m; sourceTree = "<group>"; };
		B63A96EE14657836002D8A37 /* SpectrumCocoaView.bundle */ = {isa = PBXFileReference; explicitFileType = wrapper.cfbundle; includeInIndex = 0; path = SpectrumCocoaView.bundle; sourceTree = BUILT_PRODUCTS_DIR; };
		B63A96F114657837002D8A37 /* Cocoa.framework */ = {isa = PBXFileReference; lastKnownFileType = wrapper.framework; name = Cocoa.framework; path = System/Library/Frameworks/Cocoa.framework; sourceTree = SDKROOT; };
		B63A96F414657837002D8A37 /* AppKit.framework */ = {isa = PBXFileReference; lastKnownFileType = wrapper.framework; name = AppKit.framework; path = System/Library/Frameworks/AppKit.framework; sourceTree = SDKROOT; };
		B63A96F514657837002D8A37 /* CoreData.framework */ = {isa = PBXFileReference; lastKnownFileType = wrapper.framework; name = CoreData.framework; path = System/Library/Frameworks/CoreData.framework; sourceTree = SDKROOT; };
		B63A96F614657837002D8A37 /* Foundation.framework */ = {isa = PBXFileReference; lastKnownFileType = wrapper.framework; name = Foundation.framework; path = System/Library/Frameworks/Foundation.framework; sourceTree = SDKROOT; };
		B63A96F914657837002D8A37 /* SpectrumCocoaView-Info.plist */ = {isa = PBXFileReference; lastKnownFileType = text.plist.xml; path = "SpectrumCocoaView-Info.plist"; sourceTree = "<group>"; };
		B63A9709146579B2002D8A37 /* AudioToolbox.framework */ = {isa = PBXFileReference; lastKnownFileType = wrapper.framework; name = AudioToolbox.framework; path = SDKs/MacOSX10.7.sdk/System/Library/Frameworks/AudioToolbox.framework; sourceTree = DEVELOPER_DIR; };
		B63A970A146579B2002D8A37 /* AudioUnit.framework */ = {isa = PBXFileReference; lastKnownFileType = wrapper.framework; name = AudioUnit.framework; path = SDKs/MacOSX10.7.sdk/System/Library/Frameworks/AudioUnit.framework; sourceTree = DEVELOPER_DIR; };
		B63A971114657AE9002D8A37 /* SpectrumAU.component */ = {isa = PBXFileReference; explicitFileType = wrapper.cfbundle; includeInIndex = 0; path = SpectrumAU.component; sourceTree = BUILT_PRODUCTS_DIR; };
		B63A971514657AE9002D8A37 /* SpectrumAU-Info.plist */ = {isa = PBXFileReference; lastKnownFileType = text.plist.xml; path = "SpectrumAU-Info.plist"; sourceTree = "<group>"; };
		B63A973F14657C83002D8A37 /* CoreServices.framework */ = {isa = PBXFileReference; lastKnownFileType = wrapper.framework; name = CoreServices.framework; path = SDKs/MacOSX10.7.sdk/System/Library/Frameworks/CoreServices.framework; sourceTree = DEVELOPER_DIR; };
		B63A974C14658362002D8A37 /* en */ = {isa = PBXFileReference; lastKnownFileType = text.plist.strings; name = en; path = en.lproj/InfoPlist.strings; sourceTree = "<group>"; };
		B63A974F14658399002D8A37 /* en */ = {isa = PBXFileReference; lastKnownFileType = text.plist.strings; name = en; path = en.lproj/InfoPlist.strings; sourceTree = "<group>"; };
		B63A975114658407002D8A37 /* SpectrumAU-Prefix.pch */ = {isa = PBXFileReference; fileEncoding = 4; lastKnownFileType = sourcecode.c.h; path = "SpectrumAU-Prefix.pch"; sourceTree = "<group>"; };
		B63A975314658417002D8A37 /* SpectrumCocoaView-Prefix.pch */ = {isa = PBXFileReference; fileEncoding = 4; lastKnownFileType = sourcecode.c.h; path = "SpectrumCocoaView-Prefix.pch"; sourceTree = "<group>"; };
		B63A9759146588D5002D8A37 /* AUOutputBL.cpp */ = {isa = PBXFileReference; fileEncoding = 4; lastKnownFileType = sourcecode.cpp.cpp; path = AUOutputBL.cpp; sourceTree = "<group>"; };
		B63A975A146588D5002D8A37 /* AUOutputBL.h */ = {isa = PBXFileReference; fileEncoding = 4; lastKnownFileType = sourcecode.c.h; path = AUOutputBL.h; sourceTree = "<group>"; };
		B63A975B146588D5002D8A37 /* AUParamInfo.cpp */ = {isa = PBXFileReference; fileEncoding = 4; lastKnownFileType = sourcecode.cpp.cpp; path = AUParamInfo.cpp; sourceTree = "<group>"; };
		B63A975C146588D5002D8A37 /* AUParamInfo.h */ = {isa = PBXFileReference; fileEncoding = 4; lastKnownFileType = sourcecode.c.h; path = AUParamInfo.h; sourceTree = "<group>"; };
		B63A975D146588D5002D8A37 /* CAAtomic.h */ = {isa = PBXFileReference; fileEncoding = 4; lastKnownFileType = sourcecode.c.h; path = CAAtomic.h; sourceTree = "<group>"; };
		B63A975E146588D5002D8A37 /* CAAtomicStack.h */ = {isa = PBXFileReference; fileEncoding = 4; lastKnownFileType = sourcecode.c.h; path = CAAtomicStack.h; sourceTree = "<group>"; };
		B63A975F146588D5002D8A37 /* CAAudioBufferList.cpp */ = {isa = PBXFileReference; fileEncoding = 4; lastKnownFileType = sourcecode.cpp.cpp; path = CAAudioBufferList.cpp; sourceTree = "<group>"; };
		B63A9760146588D5002D8A37 /* CAAudioBufferList.h */ = {isa = PBXFileReference; fileEncoding = 4; lastKnownFileType = sourcecode.c.h; path = CAAudioBufferList.h; sourceTree = "<group>"; };
		B63A9761146588D5002D8A37 /* CAAudioChannelLayout.cpp */ = {isa = PBXFileReference; fileEncoding = 4; lastKnownFileType = sourcecode.cpp.cpp; path = CAAudioChannelLayout.cpp; sourceTree = "<group>"; };
		B63A9762146588D5002D8A37 /* CAAudioChannelLayout.h */ = {isa = PBXFileReference; fileEncoding = 4; lastKnownFileType = sourcecode.c.h; path = CAAudioChannelLayout.h; sourceTree = "<group>"; };
		B63A9763146588D5002D8A37 /* CAAudioChannelLayoutObject.cpp */ = {isa = PBXFileReference; fileEncoding = 4; lastKnownFileType = sourcecode.cpp.cpp; path = CAAudioChannelLayoutObject.cpp; sourceTree = "<group>"; };
		B63A9764146588D5002D8A37 /* CAAudioFileFormats.cpp */ = {isa = PBXFileReference; fileEncoding = 4; lastKnownFileType = sourcecode.cpp.cpp; path = CAAudioFileFormats.cpp; sourceTree = "<group>"; };
		B63A9765146588D5002D8A37 /* CAAudioFileFormats.h */ = {isa = PBXFileReference; fileEncoding = 4; lastKnownFileType = sourcecode.c.h; path = CAAudioFileFormats.h; sourceTree = "<group>"; };
		B63A9766146588D5002D8A37 /* CAAudioTimeStamp.cpp */ = {isa = PBXFileReference; fileEncoding = 4; lastKnownFileType = sourcecode.cpp.cpp; path = CAAudioTimeStamp.cpp; sourceTree = "<group>"; };
		B63A9767146588D5002D8A37 /* CAAudioTimeStamp.h */ = {isa = PBXFileReference; fileEncoding = 4; lastKnownFileType = sourcecode.c.h; path = CAAudioTimeStamp.h; sourceTree = "<group>"; };
		B63A9768146588D5002D8A37 /* CAAudioUnit.cpp */ = {isa = PBXFileReference; fileEncoding = 4; lastKnownFileType = sourcecode.cpp.cpp; path = CAAudioUnit.cpp; sourceTree = "<group>"; };
		B63A9769146588D5002D8A37 /* CAAudioUnit.h */ = {isa = PBXFileReference; fileEncoding = 4; lastKnownFileType = sourcecode.c.h; path = CAAudioUnit.h; sourceTree = "<group>"; };
		B63A976A146588D5002D8A37 /* CAAudioUnitOutputCapturer.h */ = {isa = PBXFileReference; fileEncoding = 4; lastKnownFileType = sourcecode.c.h; path = CAAudioUnitOutputCapturer.h; sourceTree = "<group>"; };
		B63A976B146588D5002D8A37 /* CAAudioValueRange.cpp */ = {isa = PBXFileReference; fileEncoding = 4; lastKnownFileType = sourcecode.cpp.cpp; path = CAAudioValueRange.cpp; sourceTree = "<group>"; };
		B63A976C146588D5002D8A37 /* CAAudioValueRange.h */ = {isa = PBXFileReference; fileEncoding = 4; lastKnownFileType = sourcecode.c.h; path = CAAudioValueRange.h; sourceTree = "<group>"; };
		B63A9771146588D5002D8A37 /* CAAUParameter.cpp */ = {isa = PBXFileReference; fileEncoding = 4; lastKnownFileType = sourcecode.cpp.cpp; path = CAAUParameter.cpp; sourceTree = "<group>"; };
		B63A9772146588D5002D8A37 /* CAAUParameter.h */ = {isa = PBXFileReference; fileEncoding = 4; lastKnownFileType = sourcecode.c.h; path = CAAUParameter.h; sourceTree = "<group>"; };
		B63A9773146588D5002D8A37 /* CAAUProcessor.cpp */ = {isa = PBXFileReference; fileEncoding = 4; lastKnownFileType = sourcecode.cpp.cpp; path = CAAUProcessor.cpp; sourceTree = "<group>"; };
		B63A9774146588D5002D8A37 /* CAAUProcessor.h */ = {isa = PBXFileReference; fileEncoding = 4; lastKnownFileType = sourcecode.c.h; path = CAAUProcessor.h; sourceTree = "<group>"; };
		B63A9775146588D5002D8A37 /* CAAutoDisposer.h */ = {isa = PBXFileReference; fileEncoding = 4; lastKnownFileType = sourcecode.c.h; path = CAAutoDisposer.h; sourceTree = "<group>"; };
		B63A9776146588D5002D8A37 /* CABitOperations.h */ = {isa = PBXFileReference; fileEncoding = 4; lastKnownFileType = sourcecode.c.h; path = CABitOperations.h; sourceTree = "<group>"; };
		B63A9777146588D5002D8A37 /* CABool.h */ = {isa = PBXFileReference; fileEncoding = 4; lastKnownFileType = sourcecode.c.h; path = CABool.h; sourceTree = "<group>"; };
		B63A9778146588D5002D8A37 /* CABufferList.cpp */ = {isa = PBXFileReference; fileEncoding = 4; lastKnownFileType = sourcecode.cpp.cpp; path = CABufferList.cpp; sourceTree = "<group>"; };
		B63A9779146588D5002D8A37 /* CABufferList.h */ = {isa = PBXFileReference; fileEncoding = 4; lastKnownFileType = sourcecode.c.h; path = CABufferList.h; sourceTree = "<group>"; };
		B63A977A146588D5002D8A37 /* CABundleLocker.cpp */ = {isa = PBXFileReference; fileEncoding = 4; lastKnownFileType = sourcecode.cpp.cpp; path = CABundleLocker.cpp; sourceTree = "<group>"; };
		B63A977B146588D5002D8A37 /* CABundleLocker.h */ = {isa = PBXFileReference; fileEncoding = 4; lastKnownFileType = sourcecode.c.h; path = CABundleLocker.h; sourceTree = "<group>"; };
		B63A977C146588D5002D8A37 /* CAByteOrder.h */ = {isa = PBXFileReference; fileEncoding = 4; lastKnownFileType = sourcecode.c.h; path = CAByteOrder.h; sourceTree = "<group>"; };
		B63A977D146588D5002D8A37 /* CACFArray.cpp */ = {isa = PBXFileReference; fileEncoding = 4; lastKnownFileType = sourcecode.cpp.cpp; path = CACFArray.cpp; sourceTree = "<group>"; };
		B63A977E146588D5002D8A37 /* CACFArray.h */ = {isa = PBXFileReference; fileEncoding = 4; lastKnownFileType = sourcecode.c.h; path = CACFArray.h; sourceTree = "<group>"; };
		B63A977F146588D5002D8A37 /* CACFData.h */ = {isa = PBXFileReference; fileEncoding = 4; lastKnownFileType = sourcecode.c.h; path = CACFData.h; sourceTree = "<group>"; };
		B63A9780146588D5002D8A37 /* CACFDictionary.cpp */ = {isa = PBXFileReference; fileEncoding = 4; lastKnownFileType = sourcecode.cpp.cpp; path = CACFDictionary.cpp; sourceTree = "<group>"; };
		B63A9781146588D5002D8A37 /* CACFDictionary.h */ = {isa = PBXFileReference; fileEncoding = 4; lastKnownFileType = sourcecode.c.h; path = CACFDictionary.h; sourceTree = "<group>"; };
		B63A9782146588D5002D8A37 /* CACFDistributedNotification.cpp */ = {isa = PBXFileReference; fileEncoding = 4; lastKnownFileType = sourcecode.cpp.cpp; path = CACFDistributedNotification.cpp; sourceTree = "<group>"; };
		B63A9783146588D5002D8A37 /* CACFDistributedNotification.h */ = {isa = PBXFileReference; fileEncoding = 4; lastKnownFileType = sourcecode.c.h; path = CACFDistributedNotification.h; sourceTree = "<group>"; };
		B63A9784146588D5002D8A37 /* CACFMachPort.cpp */ = {isa = PBXFileReference; fileEncoding = 4; lastKnownFileType = sourcecode.cpp.cpp; path = CACFMachPort.cpp; sourceTree = "<group>"; };
		B63A9785146588D5002D8A37 /* CACFMachPort.h */ = {isa = PBXFileReference; fileEncoding = 4; lastKnownFileType = sourcecode.c.h; path = CACFMachPort.h; sourceTree = "<group>"; };
		B63A9786146588D5002D8A37 /* CACFMessagePort.cpp */ = {isa = PBXFileReference; fileEncoding = 4; lastKnownFileType = sourcecode.cpp.cpp; path = CACFMessagePort.cpp; sourceTree = "<group>"; };
		B63A9787146588D5002D8A37 /* CACFMessagePort.h */ = {isa = PBXFileReference; fileEncoding = 4; lastKnownFileType = sourcecode.c.h; path = CACFMessagePort.h; sourceTree = "<group>"; };
		B63A9788146588D5002D8A37 /* CACFNumber.cpp */ = {isa = PBXFileReference; fileEncoding = 4; lastKnownFileType = sourcecode.cpp.cpp; path = CACFNumber.cpp; sourceTree = "<group>"; };
		B63A9789146588D5002D8A37 /* CACFNumber.h */ = {isa = PBXFileReference; fileEncoding = 4; lastKnownFileType = sourcecode.c.h; path = CACFNumber.h; sourceTree = "<group>"; };
		B63A978A146588D5002D8A37 /* CACFObject.h */ = {isa = PBXFileReference; fileEncoding = 4; lastKnownFileType = sourcecode.c.h; path = CACFObject.h; sourceTree = "<group>"; };
		B63A978B146588D5002D8A37 /* CACFPlugIn.h */ = {isa = PBXFileReference; fileEncoding = 4; lastKnownFileType = sourcecode.c.h; path = CACFPlugIn.h; sourceTree = "<group>"; };
		B63A978C146588D5002D8A37 /* CACFPreferences.cpp */ = {isa = PBXFileReference; fileEncoding = 4; lastKnownFileType = sourcecode.cpp.cpp; path = CACFPreferences.cpp; sourceTree = "<group>"; };
		B63A978D146588D5002D8A37 /* CACFPreferences.h */ = {isa = PBXFileReference; fileEncoding = 4; lastKnownFileType = sourcecode.c.h; path = CACFPreferences.h; sourceTree = "<group>"; };
		B63A978E146588D5002D8A37 /* CACFString.cpp */ = {isa = PBXFileReference; fileEncoding = 4; lastKnownFileType = sourcecode.cpp.cpp; path = CACFString.cpp; sourceTree = "<group>"; };
		B63A978F146588D5002D8A37 /* CACFString.h */ = {isa = PBXFileReference; fileEncoding = 4; lastKnownFileType = sourcecode.c.h; path = CACFString.h; sourceTree = "<group>"; };
		B63A9790146588D5002D8A37 /* CAComponent.cpp */ = {isa = PBXFileReference; fileEncoding = 4; lastKnownFileType = sourcecode.cpp.cpp; path = CAComponent.cpp; sourceTree = "<group>"; };
		B63A9791146588D5002D8A37 /* CAComponent.h */ = {isa = PBXFileReference; fileEncoding = 4; lastKnownFileType = sourcecode.c.h; path = CAComponent.h; sourceTree = "<group>"; };
		B63A9792146588D5002D8A37 /* CAComponentDescription.cpp */ = {isa = PBXFileReference; fileEncoding = 4; lastKnownFileType = sourcecode.cpp.cpp; path = CAComponentDescription.cpp; sourceTree = "<group>"; };
		B63A9793146588D5002D8A37 /* CAComponentDescription.h */ = {isa = PBXFileReference; fileEncoding = 4; lastKnownFileType = sourcecode.c.h; path = CAComponentDescription.h; sourceTree = "<group>"; };
		B63A9794146588D5002D8A37 /* CADebugger.cpp */ = {isa = PBXFileReference; fileEncoding = 4; lastKnownFileType = sourcecode.cpp.cpp; path = CADebugger.cpp; sourceTree = "<group>"; };
		B63A9795146588D5002D8A37 /* CADebugger.h */ = {isa = PBXFileReference; fileEncoding = 4; lastKnownFileType = sourcecode.c.h; path = CADebugger.h; sourceTree = "<group>"; };
		B63A9796146588D5002D8A37 /* CADebugMacros.cpp */ = {isa = PBXFileReference; fileEncoding = 4; lastKnownFileType = sourcecode.cpp.cpp; path = CADebugMacros.cpp; sourceTree = "<group>"; };
		B63A9797146588D5002D8A37 /* CADebugMacros.h */ = {isa = PBXFileReference; fileEncoding = 4; lastKnownFileType = sourcecode.c.h; path = CADebugMacros.h; sourceTree = "<group>"; };
		B63A9798146588D5002D8A37 /* CADebugPrintf.cpp */ = {isa = PBXFileReference; fileEncoding = 4; lastKnownFileType = sourcecode.cpp.cpp; path = CADebugPrintf.cpp; sourceTree = "<group>"; };
		B63A9799146588D5002D8A37 /* CADebugPrintf.h */ = {isa = PBXFileReference; fileEncoding = 4; lastKnownFileType = sourcecode.c.h; path = CADebugPrintf.h; sourceTree = "<group>"; };
		B63A979A146588D5002D8A37 /* CAException.h */ = {isa = PBXFileReference; fileEncoding = 4; lastKnownFileType = sourcecode.c.h; path = CAException.h; sourceTree = "<group>"; };
		B63A979E146588D5002D8A37 /* CAGuard.cpp */ = {isa = PBXFileReference; fileEncoding = 4; lastKnownFileType = sourcecode.cpp.cpp; path = CAGuard.cpp; sourceTree = "<group>"; };
		B63A979F146588D5002D8A37 /* CAGuard.h */ = {isa = PBXFileReference; fileEncoding = 4; lastKnownFileType = sourcecode.c.h; path = CAGuard.h; sourceTree = "<group>"; };
		B63A97A8146588D5002D8A37 /* CAHostTimeBase.cpp */ = {isa = PBXFileReference; fileEncoding = 4; lastKnownFileType = sourcecode.cpp.cpp; path = CAHostTimeBase.cpp; sourceTree = "<group>"; };
		B63A97A9146588D5002D8A37 /* CAHostTimeBase.h */ = {isa = PBXFileReference; fileEncoding = 4; lastKnownFileType = sourcecode.c.h; path = CAHostTimeBase.h; sourceTree = "<group>"; };
		B63A97AA146588D5002D8A37 /* CALogMacros.h */ = {isa = PBXFileReference; fileEncoding = 4; lastKnownFileType = sourcecode.c.h; path = CALogMacros.h; sourceTree = "<group>"; };
		B63A97AB146588D5002D8A37 /* CAMath.h */ = {isa = PBXFileReference; fileEncoding = 4; lastKnownFileType = sourcecode.c.h; path = CAMath.h; sourceTree = "<group>"; };
		B63A97AC146588D5002D8A37 /* CAMixMap.h */ = {isa = PBXFileReference; fileEncoding = 4; lastKnownFileType = sourcecode.c.h; path = CAMixMap.h; sourceTree = "<group>"; };
		B63A97AD146588D5002D8A37 /* CAMutex.cpp */ = {isa = PBXFileReference; fileEncoding = 4; lastKnownFileType = sourcecode.cpp.cpp; path = CAMutex.cpp; sourceTree = "<group>"; };
		B63A97AE146588D5002D8A37 /* CAMutex.h */ = {isa = PBXFileReference; fileEncoding = 4; lastKnownFileType = sourcecode.c.h; path = CAMutex.h; sourceTree = "<group>"; };
		B63A97AF146588D5002D8A37 /* CAPersistence.cpp */ = {isa = PBXFileReference; fileEncoding = 4; lastKnownFileType = sourcecode.cpp.cpp; path = CAPersistence.cpp; sourceTree = "<group>"; };
		B63A97B2146588D5002D8A37 /* CAPropertyAddress.h */ = {isa = PBXFileReference; fileEncoding = 4; lastKnownFileType = sourcecode.c.h; path = CAPropertyAddress.h; sourceTree = "<group>"; };
		B63A97B3146588D5002D8A37 /* CAPThread.cpp */ = {isa = PBXFileReference; fileEncoding = 4; lastKnownFileType = sourcecode.cpp.cpp; path = CAPThread.cpp; sourceTree = "<group>"; };
		B63A97B4146588D5002D8A37 /* CAPThread.h */ = {isa = PBXFileReference; fileEncoding = 4; lastKnownFileType = sourcecode.c.h; path = CAPThread.h; sourceTree = "<group>"; };
		B63A97B5146588D5002D8A37 /* CAReferenceCounted.h */ = {isa = PBXFileReference; fileEncoding = 4; lastKnownFileType = sourcecode.c.h; path = CAReferenceCounted.h; sourceTree = "<group>"; };
		B63A97B6146588D5002D8A37 /* CARingBuffer.cpp */ = {isa = PBXFileReference; fileEncoding = 4; lastKnownFileType = sourcecode.cpp.cpp; path = CARingBuffer.cpp; sourceTree = "<group>"; };
		B63A97B7146588D5002D8A37 /* CARingBuffer.h */ = {isa = PBXFileReference; fileEncoding = 4; lastKnownFileType = sourcecode.c.h; path = CARingBuffer.h; sourceTree = "<group>"; };
		B63A97B8146588D5002D8A37 /* CASettingsStorage.cpp */ = {isa = PBXFileReference; fileEncoding = 4; lastKnownFileType = sourcecode.cpp.cpp; path = CASettingsStorage.cpp; sourceTree = "<group>"; };
		B63A97B9146588D5002D8A37 /* CASettingsStorage.h */ = {isa = PBXFileReference; fileEncoding = 4; lastKnownFileType = sourcecode.c.h; path = CASettingsStorage.h; sourceTree = "<group>"; };
		B63A97BA146588D5002D8A37 /* CASharedLibrary.cpp */ = {isa = PBXFileReference; fileEncoding = 4; lastKnownFileType = sourcecode.cpp.cpp; path = CASharedLibrary.cpp; sourceTree = "<group>"; };
		B63A97BB146588D5002D8A37 /* CASharedLibrary.h */ = {isa = PBXFileReference; fileEncoding = 4; lastKnownFileType = sourcecode.c.h; path = CASharedLibrary.h; sourceTree = "<group>"; };
		B63A97BE146588D5002D8A37 /* CAStreamBasicDescription.cpp */ = {isa = PBXFileReference; fileEncoding = 4; lastKnownFileType = sourcecode.cpp.cpp; path = CAStreamBasicDescription.cpp; sourceTree = "<group>"; };
		B63A97BF146588D5002D8A37 /* CAStreamBasicDescription.h */ = {isa = PBXFileReference; fileEncoding = 4; lastKnownFileType = sourcecode.c.h; path = CAStreamBasicDescription.h; sourceTree = "<group>"; };
		B63A97C0146588D5002D8A37 /* CAStreamRangedDescription.cpp */ = {isa = PBXFileReference; fileEncoding = 4; lastKnownFileType = sourcecode.cpp.cpp; path = CAStreamRangedDescription.cpp; sourceTree = "<group>"; };
		B63A97C1146588D5002D8A37 /* CAStreamRangedDescription.h */ = {isa = PBXFileReference; fileEncoding = 4; lastKnownFileType = sourcecode.c.h; path = CAStreamRangedDescription.h; sourceTree = "<group>"; };
		B63A97C2146588D5002D8A37 /* CAThreadSafeList.h */ = {isa = PBXFileReference; fileEncoding = 4; lastKnownFileType = sourcecode.c.h; path = CAThreadSafeList.h; sourceTree = "<group>"; };
		B63A97C3146588D5002D8A37 /* CATink.h */ = {isa = PBXFileReference; fileEncoding = 4; lastKnownFileType = sourcecode.c.h; path = CATink.h; sourceTree = "<group>"; };
		B63A97C4146588D5002D8A37 /* CATokenMap.h */ = {isa = PBXFileReference; fileEncoding = 4; lastKnownFileType = sourcecode.c.h; path = CATokenMap.h; sourceTree = "<group>"; };
		B63A97C5146588D5002D8A37 /* CAVectorUnit.cpp */ = {isa = PBXFileReference; fileEncoding = 4; lastKnownFileType = sourcecode.cpp.cpp; path = CAVectorUnit.cpp; sourceTree = "<group>"; };
		B63A97C6146588D5002D8A37 /* CAVectorUnit.h */ = {isa = PBXFileReference; fileEncoding = 4; lastKnownFileType = sourcecode.c.h; path = CAVectorUnit.h; sourceTree = "<group>"; };
		B63A97C7146588D5002D8A37 /* CAVectorUnitTypes.h */ = {isa = PBXFileReference; fileEncoding = 4; lastKnownFileType = sourcecode.c.h; path = CAVectorUnitTypes.h; sourceTree = "<group>"; };
		B63A97C8146588D5002D8A37 /* CAVolumeCurve.cpp */ = {isa = PBXFileReference; fileEncoding = 4; lastKnownFileType = sourcecode.cpp.cpp; path = CAVolumeCurve.cpp; sourceTree = "<group>"; };
		B63A97C9146588D5002D8A37 /* CAVolumeCurve.h */ = {isa = PBXFileReference; fileEncoding = 4; lastKnownFileType = sourcecode.c.h; path = CAVolumeCurve.h; sourceTree = "<group>"; };
		B63A97CA146588D5002D8A37 /* CAXException.cpp */ = {isa = PBXFileReference; fileEncoding = 4; lastKnownFileType = sourcecode.cpp.cpp; path = CAXException.cpp; sourceTree = "<group>"; };
		B63A97CB146588D5002D8A37 /* CAXException.h */ = {isa = PBXFileReference; fileEncoding = 4; lastKnownFileType = sourcecode.c.h; path = CAXException.h; sourceTree = "<group>"; };
		B63A9ADE1465A344002D8A37 /* CAAUMIDIMap.cpp */ = {isa = PBXFileReference; fileEncoding = 4; lastKnownFileType = sourcecode.cpp.cpp; path = CAAUMIDIMap.cpp; sourceTree = "<group>"; };
		B63A9ADF1465A344002D8A37 /* CAAUMIDIMap.h */ = {isa = PBXFileReference; fileEncoding = 4; lastKnownFileType = sourcecode.c.h; path = CAAUMIDIMap.h; sourceTree = "<group>"; };
		B63A9AE01465A344002D8A37 /* CAAUMIDIMapManager.cpp */ = {isa = PBXFileReference; fileEncoding = 4; lastKnownFileType = sourcecode.cpp.cpp; path = CAAUMIDIMapManager.cpp; sourceTree = "<group>"; };
		B63A9AE11465A344002D8A37 /* CAAUMIDIMapManager.h */ = {isa = PBXFileReference; fileEncoding = 4; lastKnownFileType = sourcecode.c.h; path = CAAUMIDIMapManager.h; sourceTree = "<group>"; };
		B63A9AE21465A344002D8A37 /* CAExtAudioFile.h */ = {isa = PBXFileReference; fileEncoding = 4; lastKnownFileType = sourcecode.c.h; path = CAExtAudioFile.h; sourceTree = "<group>"; };
		B63A9AE71465A345002D8A37 /* MatrixMixerVolumes.cpp */ = {isa = PBXFileReference; fileEncoding = 4; lastKnownFileType = sourcecode.cpp.cpp; path = MatrixMixerVolumes.cpp; sourceTree = "<group>"; };
		B63A9AE81465A345002D8A37 /* MatrixMixerVolumes.h */ = {isa = PBXFileReference; fileEncoding = 4; lastKnownFileType = sourcecode.c.h; path = MatrixMixerVolumes.h; sourceTree = "<group>"; };
/* End PBXFileReference section */

/* Begin PBXFrameworksBuildPhase section */
		B63A96EB14657836002D8A37 /* Frameworks */ = {
			isa = PBXFrameworksBuildPhase;
			buildActionMask = 2147483647;
			files = (
				B63A970B146579B2002D8A37 /* AudioToolbox.framework in Frameworks */,
				B63A970C146579B2002D8A37 /* AudioUnit.framework in Frameworks */,
				B63A96F214657837002D8A37 /* Cocoa.framework in Frameworks */,
			);
			runOnlyForDeploymentPostprocessing = 0;
		};
		B63A970E14657AE9002D8A37 /* Frameworks */ = {
			isa = PBXFrameworksBuildPhase;
			buildActionMask = 2147483647;
			files = (
				B63A974014657C83002D8A37 /* CoreServices.framework in Frameworks */,
				B63A973B14657C6F002D8A37 /* AudioToolbox.framework in Frameworks */,
				B63A973C14657C6F002D8A37 /* AudioUnit.framework in Frameworks */,
				B63A971214657AE9002D8A37 /* Cocoa.framework in Frameworks */,
			);
			runOnlyForDeploymentPostprocessing = 0;
		};
/* End PBXFrameworksBuildPhase section */

/* Begin PBXGroup section */
		B63A969D14656852002D8A37 = {
			isa = PBXGroup;
			children = (
				B63A974714657DFA002D8A37 /* Dependencies */,
				B63A96AD14656C03002D8A37 /* Resources */,
				B63A96A914656BD7002D8A37 /* Sources */,
				B63A96EF14657836002D8A37 /* Products */,
			);
			sourceTree = "<group>";
		};
		B63A96A914656BD7002D8A37 /* Sources */ = {
			isa = PBXGroup;
			children = (
				B63A9758146588D4002D8A37 /* PublicUtility */,
				B63A96B3146571ED002D8A37 /* AUPublic */,
				B63A96AA14656BD7002D8A37 /* SpectrumAU */,
				B63A96AB14656BD7002D8A37 /* SpectrumCocoaView */,
			);
			path = Sources;
			sourceTree = "<group>";
		};
		B63A96AA14656BD7002D8A37 /* SpectrumAU */ = {
			isa = PBXGroup;
			children = (
				B63A96DD14657318002D8A37 /* Spectrum.h */,
				B63A96DE14657324002D8A37 /* Spectrum.cpp */,
				B63A96DF14657343002D8A37 /* Spectrum.exp */,
				B63A96E014657361002D8A37 /* SpectrumVersion.h */,
				B63A96E11465738D002D8A37 /* Spectrum.r */,
			);
			path = SpectrumAU;
			sourceTree = "<group>";
		};
		B63A96AB14656BD7002D8A37 /* SpectrumCocoaView */ = {
			isa = PBXGroup;
			children = (
				B63A96E2146575AA002D8A37 /* SimpleSpectrum_ViewFactory.h */,
				B63A96E3146575AA002D8A37 /* SimpleSpectrum_ViewFactory.m */,
				B63A96E714657605002D8A37 /* SimpleSpectrum_UIView.m */,
				B63A96E614657605002D8A37 /* SimpleSpectrum_UIView.h */,
				B63A96E814657621002D8A37 /* SimpleSpectrum_GraphView.h */,
				B63A96E914657621002D8A37 /* SimpleSpectrum_GraphView.m */,
			);
			path = SpectrumCocoaView;
			sourceTree = "<group>";
		};
		B63A96AD14656C03002D8A37 /* Resources */ = {
			isa = PBXGroup;
			children = (
				B63A974A146582C3002D8A37 /* SpectrumAU */,
				B63A96F714657837002D8A37 /* SpectrumCocoaView */,
				B63A96B0146570EA002D8A37 /* SprectrumView.xib */,
			);
			path = Resources;
			sourceTree = SOURCE_ROOT;
		};
		B63A96B3146571ED002D8A37 /* AUPublic */ = {
			isa = PBXGroup;
			children = (
				B63A96D3146572AE002D8A37 /* Utility */,
				B63A96C6146572A2002D8A37 /* OtherBases */,
				B63A96B41465722B002D8A37 /* AUBase */,
			);
			name = AUPublic;
			path = Extras/CoreAudio/AudioUnits/AUPublic;
			sourceTree = DEVELOPER_DIR;
		};
		B63A96B41465722B002D8A37 /* AUBase */ = {
			isa = PBXGroup;
			children = (
				B63A96B51465722B002D8A37 /* AUBase.cpp */,
				B63A96B61465722B002D8A37 /* AUBase.h */,
				B63A96B71465722B002D8A37 /* AUDispatch.cpp */,
				B63A96B81465722B002D8A37 /* AUDispatch.h */,
				B63A96B91465722B002D8A37 /* AUInputElement.cpp */,
				B63A96BA1465722B002D8A37 /* AUInputElement.h */,
				B63A96BB1465722B002D8A37 /* AUOutputElement.cpp */,
				B63A96BC1465722B002D8A37 /* AUOutputElement.h */,
				B63A96BD1465722B002D8A37 /* AUPlugInDispatch.cpp */,
				B63A96BE1465722B002D8A37 /* AUPlugInDispatch.h */,
				B63A96BF1465722B002D8A37 /* AUResources.r */,
				B63A96C01465722B002D8A37 /* AUScopeElement.cpp */,
				B63A96C11465722B002D8A37 /* AUScopeElement.h */,
				B63A96C21465722B002D8A37 /* ComponentBase.cpp */,
				B63A96C31465722B002D8A37 /* ComponentBase.h */,
			);
			name = AUBase;
			path = Extras/CoreAudio/AudioUnits/AUPublic/AUBase;
			sourceTree = DEVELOPER_DIR;
		};
		B63A96C6146572A2002D8A37 /* OtherBases */ = {
			isa = PBXGroup;
			children = (
				B63A96C7146572A2002D8A37 /* AUEffectBase.cpp */,
				B63A96C8146572A2002D8A37 /* AUEffectBase.h */,
			);
			name = OtherBases;
			path = Extras/CoreAudio/AudioUnits/AUPublic/OtherBases;
			sourceTree = DEVELOPER_DIR;
		};
		B63A96D3146572AE002D8A37 /* Utility */ = {
			isa = PBXGroup;
			children = (
				B63A96D4146572AE002D8A37 /* AUBaseHelper.cpp */,
				B63A96D5146572AE002D8A37 /* AUBaseHelper.h */,
				B63A96D6146572AE002D8A37 /* AUBuffer.cpp */,
				B63A96D7146572AE002D8A37 /* AUBuffer.h */,
				B63A96D8146572AE002D8A37 /* AUInputFormatConverter.h */,
				B63A96D9146572AE002D8A37 /* AUMIDIDefs.h */,
				B63A96DA146572AE002D8A37 /* AUSilentTimeout.h */,
				B63A96DB146572AE002D8A37 /* AUTimestampGenerator.cpp */,
				B63A96DC146572AE002D8A37 /* AUTimestampGenerator.h */,
			);
			name = Utility;
			path = Extras/CoreAudio/AudioUnits/AUPublic/Utility;
			sourceTree = DEVELOPER_DIR;
		};
		B63A96EF14657836002D8A37 /* Products */ = {
			isa = PBXGroup;
			children = (
				B63A96EE14657836002D8A37 /* SpectrumCocoaView.bundle */,
				B63A971114657AE9002D8A37 /* SpectrumAU.component */,
			);
			name = Products;
			sourceTree = "<group>";
		};
		B63A96F314657837002D8A37 /* Other Frameworks */ = {
			isa = PBXGroup;
			children = (
				B63A96F414657837002D8A37 /* AppKit.framework */,
				B63A96F514657837002D8A37 /* CoreData.framework */,
				B63A96F614657837002D8A37 /* Foundation.framework */,
			);
			name = "Other Frameworks";
			sourceTree = "<group>";
		};
		B63A96F714657837002D8A37 /* SpectrumCocoaView */ = {
			isa = PBXGroup;
			children = (
				B63A975314658417002D8A37 /* SpectrumCocoaView-Prefix.pch */,
				B63A974E14658399002D8A37 /* InfoPlist.strings */,
				B63A96F914657837002D8A37 /* SpectrumCocoaView-Info.plist */,
			);
			path = SpectrumCocoaView;
			sourceTree = "<group>";
		};
		B63A974714657DFA002D8A37 /* Dependencies */ = {
			isa = PBXGroup;
			children = (
				B63A96F314657837002D8A37 /* Other Frameworks */,
				B63A96F114657837002D8A37 /* Cocoa.framework */,
				B63A973F14657C83002D8A37 /* CoreServices.framework */,
				B63A9709146579B2002D8A37 /* AudioToolbox.framework */,
				B63A970A146579B2002D8A37 /* AudioUnit.framework */,
			);
			name = Dependencies;
			sourceTree = SOURCE_ROOT;
		};
		B63A974A146582C3002D8A37 /* SpectrumAU */ = {
			isa = PBXGroup;
			children = (
				B63A975114658407002D8A37 /* SpectrumAU-Prefix.pch */,
				B63A974B14658362002D8A37 /* InfoPlist.strings */,
				B63A971514657AE9002D8A37 /* SpectrumAU-Info.plist */,
			);
			path = SpectrumAU;
			sourceTree = "<group>";
		};
		B63A9758146588D4002D8A37 /* PublicUtility */ = {
			isa = PBXGroup;
			children = (
				B63A9ADE1465A344002D8A37 /* CAAUMIDIMap.cpp */,
				B63A9ADF1465A344002D8A37 /* CAAUMIDIMap.h */,
				B63A9AE01465A344002D8A37 /* CAAUMIDIMapManager.cpp */,
				B63A9AE11465A344002D8A37 /* CAAUMIDIMapManager.h */,
				B63A9AE21465A344002D8A37 /* CAExtAudioFile.h */,
				B63A9AE71465A345002D8A37 /* MatrixMixerVolumes.cpp */,
				B63A9AE81465A345002D8A37 /* MatrixMixerVolumes.h */,
				B63A9759146588D5002D8A37 /* AUOutputBL.cpp */,
				B63A975A146588D5002D8A37 /* AUOutputBL.h */,
				B63A975B146588D5002D8A37 /* AUParamInfo.cpp */,
				B63A975C146588D5002D8A37 /* AUParamInfo.h */,
				B63A975D146588D5002D8A37 /* CAAtomic.h */,
				B63A975E146588D5002D8A37 /* CAAtomicStack.h */,
				B63A975F146588D5002D8A37 /* CAAudioBufferList.cpp */,
				B63A9760146588D5002D8A37 /* CAAudioBufferList.h */,
				B63A9761146588D5002D8A37 /* CAAudioChannelLayout.cpp */,
				B63A9762146588D5002D8A37 /* CAAudioChannelLayout.h */,
				B63A9763146588D5002D8A37 /* CAAudioChannelLayoutObject.cpp */,
				B63A9764146588D5002D8A37 /* CAAudioFileFormats.cpp */,
				B63A9765146588D5002D8A37 /* CAAudioFileFormats.h */,
				B63A9766146588D5002D8A37 /* CAAudioTimeStamp.cpp */,
				B63A9767146588D5002D8A37 /* CAAudioTimeStamp.h */,
				B63A9768146588D5002D8A37 /* CAAudioUnit.cpp */,
				B63A9769146588D5002D8A37 /* CAAudioUnit.h */,
				B63A976A146588D5002D8A37 /* CAAudioUnitOutputCapturer.h */,
				B63A976B146588D5002D8A37 /* CAAudioValueRange.cpp */,
				B63A976C146588D5002D8A37 /* CAAudioValueRange.h */,
				B63A9771146588D5002D8A37 /* CAAUParameter.cpp */,
				B63A9772146588D5002D8A37 /* CAAUParameter.h */,
				B63A9773146588D5002D8A37 /* CAAUProcessor.cpp */,
				B63A9774146588D5002D8A37 /* CAAUProcessor.h */,
				B63A9775146588D5002D8A37 /* CAAutoDisposer.h */,
				B63A9776146588D5002D8A37 /* CABitOperations.h */,
				B63A9777146588D5002D8A37 /* CABool.h */,
				B63A9778146588D5002D8A37 /* CABufferList.cpp */,
				B63A9779146588D5002D8A37 /* CABufferList.h */,
				B63A977A146588D5002D8A37 /* CABundleLocker.cpp */,
				B63A977B146588D5002D8A37 /* CABundleLocker.h */,
				B63A977C146588D5002D8A37 /* CAByteOrder.h */,
				B63A977D146588D5002D8A37 /* CACFArray.cpp */,
				B63A977E146588D5002D8A37 /* CACFArray.h */,
				B63A977F146588D5002D8A37 /* CACFData.h */,
				B63A9780146588D5002D8A37 /* CACFDictionary.cpp */,
				B63A9781146588D5002D8A37 /* CACFDictionary.h */,
				B63A9782146588D5002D8A37 /* CACFDistributedNotification.cpp */,
				B63A9783146588D5002D8A37 /* CACFDistributedNotification.h */,
				B63A9784146588D5002D8A37 /* CACFMachPort.cpp */,
				B63A9785146588D5002D8A37 /* CACFMachPort.h */,
				B63A9786146588D5002D8A37 /* CACFMessagePort.cpp */,
				B63A9787146588D5002D8A37 /* CACFMessagePort.h */,
				B63A9788146588D5002D8A37 /* CACFNumber.cpp */,
				B63A9789146588D5002D8A37 /* CACFNumber.h */,
				B63A978A146588D5002D8A37 /* CACFObject.h */,
				B63A978B146588D5002D8A37 /* CACFPlugIn.h */,
				B63A978C146588D5002D8A37 /* CACFPreferences.cpp */,
				B63A978D146588D5002D8A37 /* CACFPreferences.h */,
				B63A978E146588D5002D8A37 /* CACFString.cpp */,
				B63A978F146588D5002D8A37 /* CACFString.h */,
				B63A9790146588D5002D8A37 /* CAComponent.cpp */,
				B63A9791146588D5002D8A37 /* CAComponent.h */,
				B63A9792146588D5002D8A37 /* CAComponentDescription.cpp */,
				B63A9793146588D5002D8A37 /* CAComponentDescription.h */,
				B63A9794146588D5002D8A37 /* CADebugger.cpp */,
				B63A9795146588D5002D8A37 /* CADebugger.h */,
				B63A9796146588D5002D8A37 /* CADebugMacros.cpp */,
				B63A9797146588D5002D8A37 /* CADebugMacros.h */,
				B63A9798146588D5002D8A37 /* CADebugPrintf.cpp */,
				B63A9799146588D5002D8A37 /* CADebugPrintf.h */,
				B63A979A146588D5002D8A37 /* CAException.h */,
				B63A979E146588D5002D8A37 /* CAGuard.cpp */,
				B63A979F146588D5002D8A37 /* CAGuard.h */,
				B63A97A8146588D5002D8A37 /* CAHostTimeBase.cpp */,
				B63A97A9146588D5002D8A37 /* CAHostTimeBase.h */,
				B63A97AA146588D5002D8A37 /* CALogMacros.h */,
				B63A97AB146588D5002D8A37 /* CAMath.h */,
				B63A97AC146588D5002D8A37 /* CAMixMap.h */,
				B63A97AD146588D5002D8A37 /* CAMutex.cpp */,
				B63A97AE146588D5002D8A37 /* CAMutex.h */,
				B63A97AF146588D5002D8A37 /* CAPersistence.cpp */,
				B63A97B2146588D5002D8A37 /* CAPropertyAddress.h */,
				B63A97B3146588D5002D8A37 /* CAPThread.cpp */,
				B63A97B4146588D5002D8A37 /* CAPThread.h */,
				B63A97B5146588D5002D8A37 /* CAReferenceCounted.h */,
				B63A97B6146588D5002D8A37 /* CARingBuffer.cpp */,
				B63A97B7146588D5002D8A37 /* CARingBuffer.h */,
				B63A97B8146588D5002D8A37 /* CASettingsStorage.cpp */,
				B63A97B9146588D5002D8A37 /* CASettingsStorage.h */,
				B63A97BA146588D5002D8A37 /* CASharedLibrary.cpp */,
				B63A97BB146588D5002D8A37 /* CASharedLibrary.h */,
				B63A97BE146588D5002D8A37 /* CAStreamBasicDescription.cpp */,
				B63A97BF146588D5002D8A37 /* CAStreamBasicDescription.h */,
				B63A97C0146588D5002D8A37 /* CAStreamRangedDescription.cpp */,
				B63A97C1146588D5002D8A37 /* CAStreamRangedDescription.h */,
				B63A97C2146588D5002D8A37 /* CAThreadSafeList.h */,
				B63A97C3146588D5002D8A37 /* CATink.h */,
				B63A97C4146588D5002D8A37 /* CATokenMap.h */,
				B63A97C5146588D5002D8A37 /* CAVectorUnit.cpp */,
				B63A97C6146588D5002D8A37 /* CAVectorUnit.h */,
				B63A97C7146588D5002D8A37 /* CAVectorUnitTypes.h */,
				B63A97C8146588D5002D8A37 /* CAVolumeCurve.cpp */,
				B63A97C9146588D5002D8A37 /* CAVolumeCurve.h */,
				B63A97CA146588D5002D8A37 /* CAXException.cpp */,
				B63A97CB146588D5002D8A37 /* CAXException.h */,
			);
			name = PublicUtility;
			path = Extras/CoreAudio/PublicUtility;
			sourceTree = DEVELOPER_DIR;
		};
/* End PBXGroup section */

/* Begin PBXHeadersBuildPhase section */
		B63A970114657942002D8A37 /* Headers */ = {
			isa = PBXHeadersBuildPhase;
			buildActionMask = 2147483647;
			files = (
				B63A970214657955002D8A37 /* SimpleSpectrum_ViewFactory.h in Headers */,
				B63A970314657955002D8A37 /* SimpleSpectrum_UIView.h in Headers */,
				B63A970414657955002D8A37 /* SimpleSpectrum_GraphView.h in Headers */,
				B63A975414658417002D8A37 /* SpectrumCocoaView-Prefix.pch in Headers */,
			);
			runOnlyForDeploymentPostprocessing = 0;
		};
		B63A971F14657BC3002D8A37 /* Headers */ = {
			isa = PBXHeadersBuildPhase;
			buildActionMask = 2147483647;
			files = (
				B63A9755146584D4002D8A37 /* Spectrum.h in Headers */,
				B63A972914657C13002D8A37 /* AUBaseHelper.h in Headers */,
				B63A972A14657C13002D8A37 /* AUBuffer.h in Headers */,
				B63A972B14657C13002D8A37 /* AUInputFormatConverter.h in Headers */,
				B63A972C14657C13002D8A37 /* AUMIDIDefs.h in Headers */,
				B63A972D14657C13002D8A37 /* AUSilentTimeout.h in Headers */,
				B63A972E14657C13002D8A37 /* AUTimestampGenerator.h in Headers */,
				B63A972814657BFE002D8A37 /* AUEffectBase.h in Headers */,
				B63A972114657BE8002D8A37 /* AUBase.h in Headers */,
				B63A972214657BE8002D8A37 /* AUDispatch.h in Headers */,
				B63A972314657BE8002D8A37 /* AUInputElement.h in Headers */,
				B63A972414657BE8002D8A37 /* AUOutputElement.h in Headers */,
				B63A972514657BE8002D8A37 /* AUPlugInDispatch.h in Headers */,
				B63A972614657BE8002D8A37 /* AUScopeElement.h in Headers */,
				B63A972714657BE8002D8A37 /* ComponentBase.h in Headers */,
				B63A972014657BD5002D8A37 /* SpectrumVersion.h in Headers */,
				B63A975214658407002D8A37 /* SpectrumAU-Prefix.pch in Headers */,
				B63A97CF146588D5002D8A37 /* AUOutputBL.h in Headers */,
				B63A97D1146588D5002D8A37 /* AUParamInfo.h in Headers */,
				B63A97D2146588D5002D8A37 /* CAAtomic.h in Headers */,
				B63A97D3146588D5002D8A37 /* CAAtomicStack.h in Headers */,
				B63A97D5146588D5002D8A37 /* CAAudioBufferList.h in Headers */,
				B63A97D7146588D5002D8A37 /* CAAudioChannelLayout.h in Headers */,
				B63A97DA146588D5002D8A37 /* CAAudioFileFormats.h in Headers */,
				B63A97DC146588D5002D8A37 /* CAAudioTimeStamp.h in Headers */,
				B63A97DE146588D5002D8A37 /* CAAudioUnit.h in Headers */,
				B63A97DF146588D5002D8A37 /* CAAudioUnitOutputCapturer.h in Headers */,
				B63A97E1146588D5002D8A37 /* CAAudioValueRange.h in Headers */,
				B63A97E7146588D5002D8A37 /* CAAUParameter.h in Headers */,
				B63A97E9146588D5002D8A37 /* CAAUProcessor.h in Headers */,
				B63A97EA146588D5002D8A37 /* CAAutoDisposer.h in Headers */,
				B63A97EB146588D5002D8A37 /* CABitOperations.h in Headers */,
				B63A97EC146588D5002D8A37 /* CABool.h in Headers */,
				B63A97EE146588D5002D8A37 /* CABufferList.h in Headers */,
				B63A97F0146588D5002D8A37 /* CABundleLocker.h in Headers */,
				B63A97F1146588D5002D8A37 /* CAByteOrder.h in Headers */,
				B63A97F3146588D5002D8A37 /* CACFArray.h in Headers */,
				B63A97F4146588D5002D8A37 /* CACFData.h in Headers */,
				B63A97F6146588D5002D8A37 /* CACFDictionary.h in Headers */,
				B63A97F8146588D5002D8A37 /* CACFDistributedNotification.h in Headers */,
				B63A97FA146588D5002D8A37 /* CACFMachPort.h in Headers */,
				B63A97FC146588D5002D8A37 /* CACFMessagePort.h in Headers */,
				B63A97FE146588D5002D8A37 /* CACFNumber.h in Headers */,
				B63A97FF146588D5002D8A37 /* CACFObject.h in Headers */,
				B63A9800146588D5002D8A37 /* CACFPlugIn.h in Headers */,
				B63A9802146588D5002D8A37 /* CACFPreferences.h in Headers */,
				B63A9804146588D5002D8A37 /* CACFString.h in Headers */,
				B63A9806146588D5002D8A37 /* CAComponent.h in Headers */,
				B63A9808146588D5002D8A37 /* CAComponentDescription.h in Headers */,
				B63A980A146588D5002D8A37 /* CADebugger.h in Headers */,
				B63A980C146588D5002D8A37 /* CADebugMacros.h in Headers */,
				B63A980E146588D5002D8A37 /* CADebugPrintf.h in Headers */,
				B63A980F146588D5002D8A37 /* CAException.h in Headers */,
				B63A9814146588D5002D8A37 /* CAGuard.h in Headers */,
				B63A981E146588D6002D8A37 /* CAHostTimeBase.h in Headers */,
				B63A981F146588D6002D8A37 /* CALogMacros.h in Headers */,
				B63A9820146588D6002D8A37 /* CAMath.h in Headers */,
				B63A9821146588D6002D8A37 /* CAMixMap.h in Headers */,
				B63A9823146588D6002D8A37 /* CAMutex.h in Headers */,
				B63A9827146588D6002D8A37 /* CAPropertyAddress.h in Headers */,
				B63A9829146588D6002D8A37 /* CAPThread.h in Headers */,
				B63A982A146588D6002D8A37 /* CAReferenceCounted.h in Headers */,
				B63A982C146588D6002D8A37 /* CARingBuffer.h in Headers */,
				B63A982E146588D6002D8A37 /* CASettingsStorage.h in Headers */,
				B63A9830146588D6002D8A37 /* CASharedLibrary.h in Headers */,
				B63A9834146588D6002D8A37 /* CAStreamBasicDescription.h in Headers */,
				B63A9836146588D6002D8A37 /* CAStreamRangedDescription.h in Headers */,
				B63A9837146588D6002D8A37 /* CAThreadSafeList.h in Headers */,
				B63A9838146588D6002D8A37 /* CATink.h in Headers */,
				B63A9839146588D6002D8A37 /* CATokenMap.h in Headers */,
				B63A983B146588D6002D8A37 /* CAVectorUnit.h in Headers */,
				B63A983C146588D6002D8A37 /* CAVectorUnitTypes.h in Headers */,
				B63A983E146588D6002D8A37 /* CAVolumeCurve.h in Headers */,
				B63A9840146588D6002D8A37 /* CAXException.h in Headers */,
				B63A9AEA1465A345002D8A37 /* CAAUMIDIMap.h in Headers */,
				B63A9AEC1465A345002D8A37 /* CAAUMIDIMapManager.h in Headers */,
				B63A9AED1465A345002D8A37 /* CAExtAudioFile.h in Headers */,
				B63A9AF31465A345002D8A37 /* MatrixMixerVolumes.h in Headers */,
			);
			runOnlyForDeploymentPostprocessing = 0;
		};
/* End PBXHeadersBuildPhase section */

/* Begin PBXNativeTarget section */
		B63A96ED14657836002D8A37 /* SpectrumCocoaView */ = {
			isa = PBXNativeTarget;
			buildConfigurationList = B63A96FE14657837002D8A37 /* Build configuration list for PBXNativeTarget "SpectrumCocoaView" */;
			buildPhases = (
				B63A970114657942002D8A37 /* Headers */,
				B63A96EC14657836002D8A37 /* Resources */,
				B63A96EA14657836002D8A37 /* Sources */,
				B63A96EB14657836002D8A37 /* Frameworks */,
			);
			buildRules = (
			);
			dependencies = (
			);
			name = SpectrumCocoaView;
			productName = SpectrumCocoaView;
			productReference = B63A96EE14657836002D8A37 /* SpectrumCocoaView.bundle */;
			productType = "com.apple.product-type.bundle";
		};
		B63A971014657AE9002D8A37 /* SpectrumAU */ = {
			isa = PBXNativeTarget;
			buildConfigurationList = B63A971A14657AE9002D8A37 /* Build configuration list for PBXNativeTarget "SpectrumAU" */;
			buildPhases = (
				B63A971F14657BC3002D8A37 /* Headers */,
				B63A970F14657AE9002D8A37 /* Resources */,
				B63A970D14657AE9002D8A37 /* Sources */,
				B63A970E14657AE9002D8A37 /* Frameworks */,
				B63A974314657D27002D8A37 /* Rez */,
				B63A974514657D4A002D8A37 /* CopyFiles */,
			);
			buildRules = (
			);
			dependencies = (
				B63A984414659ED0002D8A37 /* PBXTargetDependency */,
			);
			name = SpectrumAU;
			productName = SpectrumAU;
			productReference = B63A971114657AE9002D8A37 /* SpectrumAU.component */;
			productType = "com.apple.product-type.bundle";
		};
/* End PBXNativeTarget section */

/* Begin PBXProject section */
		B63A969F14656852002D8A37 /* Project object */ = {
			isa = PBXProject;
			attributes = {
				LastUpgradeCheck = 0420;
			};
			buildConfigurationList = B63A96A214656852002D8A37 /* Build configuration list for PBXProject "SimpleSprectrumAnalyzer" */;
			compatibilityVersion = "Xcode 3.2";
			developmentRegion = English;
			hasScannedForEncodings = 0;
			knownRegions = (
				en,
			);
			mainGroup = B63A969D14656852002D8A37;
			productRefGroup = B63A96EF14657836002D8A37 /* Products */;
			projectDirPath = "";
			projectRoot = "";
			targets = (
				B63A96ED14657836002D8A37 /* SpectrumCocoaView */,
				B63A971014657AE9002D8A37 /* SpectrumAU */,
			);
		};
/* End PBXProject section */

/* Begin PBXResourcesBuildPhase section */
		B63A96EC14657836002D8A37 /* Resources */ = {
			isa = PBXResourcesBuildPhase;
			buildActionMask = 2147483647;
			files = (
				B63A970514657983002D8A37 /* SprectrumView.xib in Resources */,
				B63A975014658399002D8A37 /* InfoPlist.strings in Resources */,
			);
			runOnlyForDeploymentPostprocessing = 0;
		};
		B63A970F14657AE9002D8A37 /* Resources */ = {
			isa = PBXResourcesBuildPhase;
			buildActionMask = 2147483647;
			files = (
				B63A974D14658362002D8A37 /* InfoPlist.strings in Resources */,
				B63A975714658689002D8A37 /* SpectrumCocoaView.bundle in Resources */,
			);
			runOnlyForDeploymentPostprocessing = 0;
		};
/* End PBXResourcesBuildPhase section */

/* Begin PBXRezBuildPhase section */
		B63A974314657D27002D8A37 /* Rez */ = {
			isa = PBXRezBuildPhase;
			buildActionMask = 2147483647;
			files = (
				B63A974414657D35002D8A37 /* Spectrum.r in Rez */,
			);
			runOnlyForDeploymentPostprocessing = 0;
		};
/* End PBXRezBuildPhase section */

/* Begin PBXSourcesBuildPhase section */
		B63A96EA14657836002D8A37 /* Sources */ = {
			isa = PBXSourcesBuildPhase;
			buildActionMask = 2147483647;
			files = (
				B63A97061465799B002D8A37 /* SimpleSpectrum_ViewFactory.m in Sources */,
				B63A97071465799B002D8A37 /* SimpleSpectrum_UIView.m in Sources */,
				B63A97081465799B002D8A37 /* SimpleSpectrum_GraphView.m in Sources */,
			);
			runOnlyForDeploymentPostprocessing = 0;
		};
		B63A970D14657AE9002D8A37 /* Sources */ = {
			isa = PBXSourcesBuildPhase;
			buildActionMask = 2147483647;
			files = (
				B63A972F14657C55002D8A37 /* AUBaseHelper.cpp in Sources */,
				B63A973014657C55002D8A37 /* AUBuffer.cpp in Sources */,
				B63A973114657C55002D8A37 /* AUTimestampGenerator.cpp in Sources */,
				B63A973214657C55002D8A37 /* AUEffectBase.cpp in Sources */,
				B63A973314657C55002D8A37 /* AUBase.cpp in Sources */,
				B63A973414657C55002D8A37 /* AUDispatch.cpp in Sources */,
				B63A973514657C55002D8A37 /* AUInputElement.cpp in Sources */,
				B63A973614657C55002D8A37 /* AUOutputElement.cpp in Sources */,
				B63A973714657C55002D8A37 /* AUPlugInDispatch.cpp in Sources */,
				B63A973814657C55002D8A37 /* AUScopeElement.cpp in Sources */,
				B63A973914657C55002D8A37 /* ComponentBase.cpp in Sources */,
				B63A973A14657C55002D8A37 /* Spectrum.cpp in Sources */,
				B63A97CE146588D5002D8A37 /* AUOutputBL.cpp in Sources */,
				B63A97D0146588D5002D8A37 /* AUParamInfo.cpp in Sources */,
				B63A97D4146588D5002D8A37 /* CAAudioBufferList.cpp in Sources */,
				B63A97D6146588D5002D8A37 /* CAAudioChannelLayout.cpp in Sources */,
				B63A97D8146588D5002D8A37 /* CAAudioChannelLayoutObject.cpp in Sources */,
				B63A97D9146588D5002D8A37 /* CAAudioFileFormats.cpp in Sources */,
				B63A97DB146588D5002D8A37 /* CAAudioTimeStamp.cpp in Sources */,
				B63A97DD146588D5002D8A37 /* CAAudioUnit.cpp in Sources */,
				B63A97E0146588D5002D8A37 /* CAAudioValueRange.cpp in Sources */,
				B63A97E6146588D5002D8A37 /* CAAUParameter.cpp in Sources */,
				B63A97E8146588D5002D8A37 /* CAAUProcessor.cpp in Sources */,
				B63A97ED146588D5002D8A37 /* CABufferList.cpp in Sources */,
				B63A97EF146588D5002D8A37 /* CABundleLocker.cpp in Sources */,
				B63A97F2146588D5002D8A37 /* CACFArray.cpp in Sources */,
				B63A97F5146588D5002D8A37 /* CACFDictionary.cpp in Sources */,
				B63A97F7146588D5002D8A37 /* CACFDistributedNotification.cpp in Sources */,
				B63A97F9146588D5002D8A37 /* CACFMachPort.cpp in Sources */,
				B63A97FB146588D5002D8A37 /* CACFMessagePort.cpp in Sources */,
				B63A97FD146588D5002D8A37 /* CACFNumber.cpp in Sources */,
				B63A9801146588D5002D8A37 /* CACFPreferences.cpp in Sources */,
				B63A9803146588D5002D8A37 /* CACFString.cpp in Sources */,
				B63A9805146588D5002D8A37 /* CAComponent.cpp in Sources */,
				B63A9807146588D5002D8A37 /* CAComponentDescription.cpp in Sources */,
				B63A9809146588D5002D8A37 /* CADebugger.cpp in Sources */,
				B63A980B146588D5002D8A37 /* CADebugMacros.cpp in Sources */,
				B63A980D146588D5002D8A37 /* CADebugPrintf.cpp in Sources */,
				B63A9813146588D5002D8A37 /* CAGuard.cpp in Sources */,
				B63A981D146588D6002D8A37 /* CAHostTimeBase.cpp in Sources */,
				B63A9822146588D6002D8A37 /* CAMutex.cpp in Sources */,
				B63A9824146588D6002D8A37 /* CAPersistence.cpp in Sources */,
				B63A9828146588D6002D8A37 /* CAPThread.cpp in Sources */,
				B63A982B146588D6002D8A37 /* CARingBuffer.cpp in Sources */,
				B63A982D146588D6002D8A37 /* CASettingsStorage.cpp in Sources */,
				B63A982F146588D6002D8A37 /* CASharedLibrary.cpp in Sources */,
				B63A9833146588D6002D8A37 /* CAStreamBasicDescription.cpp in Sources */,
				B63A9835146588D6002D8A37 /* CAStreamRangedDescription.cpp in Sources */,
				B63A983A146588D6002D8A37 /* CAVectorUnit.cpp in Sources */,
				B63A983D146588D6002D8A37 /* CAVolumeCurve.cpp in Sources */,
				B63A983F146588D6002D8A37 /* CAXException.cpp in Sources */,
				B63A9AE91465A345002D8A37 /* CAAUMIDIMap.cpp in Sources */,
				B63A9AEB1465A345002D8A37 /* CAAUMIDIMapManager.cpp in Sources */,
				B63A9AF21465A345002D8A37 /* MatrixMixerVolumes.cpp in Sources */,
			);
			runOnlyForDeploymentPostprocessing = 0;
		};
/* End PBXSourcesBuildPhase section */

/* Begin PBXTargetDependency section */
		B63A984414659ED0002D8A37 /* PBXTargetDependency */ = {
			isa = PBXTargetDependency;
			target = B63A96ED14657836002D8A37 /* SpectrumCocoaView */;
			targetProxy = B63A984314659ED0002D8A37 /* PBXContainerItemProxy */;
		};
/* End PBXTargetDependency section */

/* Begin PBXVariantGroup section */
		B63A974B14658362002D8A37 /* InfoPlist.strings */ = {
			isa = PBXVariantGroup;
			children = (
				B63A974C14658362002D8A37 /* en */,
			);
			name = InfoPlist.strings;
			sourceTree = "<group>";
		};
		B63A974E14658399002D8A37 /* InfoPlist.strings */ = {
			isa = PBXVariantGroup;
			children = (
				B63A974F14658399002D8A37 /* en */,
			);
			name = InfoPlist.strings;
			sourceTree = "<group>";
		};
/* End PBXVariantGroup section */

/* Begin XCBuildConfiguration section */
		B63A96A414656852002D8A37 /* Debug */ = {
			isa = XCBuildConfiguration;
			buildSettings = {
				INSTALL_PATH = "/Users/fred/Library/Audio/Plug-Ins/Components/";
				MACOSX_DEPLOYMENT_TARGET = 10.7;
			};
			name = Debug;
		};
		B63A96A514656852002D8A37 /* Release */ = {
			isa = XCBuildConfiguration;
			buildSettings = {
				INSTALL_PATH = "/Users/fred/Library/Audio/Plug-Ins/Components/";
				MACOSX_DEPLOYMENT_TARGET = 10.7;
			};
			name = Release;
		};
		B63A96FF14657837002D8A37 /* Debug */ = {
			isa = XCBuildConfiguration;
			buildSettings = {
				ALWAYS_SEARCH_USER_PATHS = NO;
				ARCHS = "$(ARCHS_STANDARD_64_BIT)";
				CLANG_ENABLE_OBJC_ARC = YES;
				COPY_PHASE_STRIP = NO;
				GCC_C_LANGUAGE_STANDARD = gnu99;
				GCC_DYNAMIC_NO_PIC = NO;
				GCC_ENABLE_OBJC_EXCEPTIONS = YES;
				GCC_OPTIMIZATION_LEVEL = 0;
				GCC_PRECOMPILE_PREFIX_HEADER = YES;
				GCC_PREFIX_HEADER = "Resources/SpectrumCocoaView/SpectrumCocoaView-Prefix.pch";
				GCC_PREPROCESSOR_DEFINITIONS = (
					"DEBUG=1",
					"$(inherited)",
				);
				GCC_SYMBOLS_PRIVATE_EXTERN = NO;
				GCC_VERSION = com.apple.compilers.llvm.clang.1_0;
				GCC_WARN_64_TO_32_BIT_CONVERSION = YES;
				GCC_WARN_ABOUT_MISSING_PROTOTYPES = YES;
				GCC_WARN_ABOUT_RETURN_TYPE = YES;
				GCC_WARN_UNUSED_VARIABLE = YES;
				INFOPLIST_FILE = "Resources/SpectrumCocoaView/SpectrumCocoaView-Info.plist";
				INSTALL_PATH = "$(USER_LIBRARY_DIR)/Bundles";
				MACOSX_DEPLOYMENT_TARGET = 10.7;
				ONLY_ACTIVE_ARCH = YES;
				PRODUCT_NAME = "$(TARGET_NAME)";
				SDKROOT = macosx;
				WRAPPER_EXTENSION = bundle;
			};
			name = Debug;
		};
		B63A970014657837002D8A37 /* Release */ = {
			isa = XCBuildConfiguration;
			buildSettings = {
				ALWAYS_SEARCH_USER_PATHS = NO;
				ARCHS = "$(ARCHS_STANDARD_64_BIT)";
				CLANG_ENABLE_OBJC_ARC = YES;
				COPY_PHASE_STRIP = YES;
				DEBUG_INFORMATION_FORMAT = "dwarf-with-dsym";
				GCC_C_LANGUAGE_STANDARD = gnu99;
				GCC_ENABLE_OBJC_EXCEPTIONS = YES;
				GCC_PRECOMPILE_PREFIX_HEADER = YES;
				GCC_PREFIX_HEADER = "Resources/SpectrumCocoaView/SpectrumCocoaView-Prefix.pch";
				GCC_VERSION = com.apple.compilers.llvm.clang.1_0;
				GCC_WARN_64_TO_32_BIT_CONVERSION = YES;
				GCC_WARN_ABOUT_MISSING_PROTOTYPES = YES;
				GCC_WARN_ABOUT_RETURN_TYPE = YES;
				GCC_WARN_UNUSED_VARIABLE = YES;
				INFOPLIST_FILE = "Resources/SpectrumCocoaView/SpectrumCocoaView-Info.plist";
				INSTALL_PATH = "$(USER_LIBRARY_DIR)/Bundles";
				MACOSX_DEPLOYMENT_TARGET = 10.7;
				PRODUCT_NAME = "$(TARGET_NAME)";
				SDKROOT = macosx;
				WRAPPER_EXTENSION = bundle;
			};
			name = Release;
		};
		B63A971B14657AE9002D8A37 /* Debug */ = {
			isa = XCBuildConfiguration;
			buildSettings = {
				ALWAYS_SEARCH_USER_PATHS = YES;
				ARCHS = "$(ARCHS_STANDARD_64_BIT)";
				COPY_PHASE_STRIP = NO;
				EXPORTED_SYMBOLS_FILE = Sources/SpectrumAU/Spectrum.exp;
				GCC_C_LANGUAGE_STANDARD = gnu99;
				GCC_DYNAMIC_NO_PIC = NO;
				GCC_ENABLE_OBJC_EXCEPTIONS = YES;
				GCC_OPTIMIZATION_LEVEL = 0;
				GCC_PRECOMPILE_PREFIX_HEADER = YES;
				GCC_PREFIX_HEADER = "Resources/SpectrumAU/SpectrumAU-Prefix.pch";
				GCC_PREPROCESSOR_DEFINITIONS = (
					"DEBUG=1",
					"$(inherited)",
				);
				GCC_SYMBOLS_PRIVATE_EXTERN = NO;
				GCC_VERSION = com.apple.compilers.llvm.clang.1_0;
				GCC_WARN_64_TO_32_BIT_CONVERSION = NO;
				GCC_WARN_ABOUT_MISSING_PROTOTYPES = YES;
				GCC_WARN_ABOUT_RETURN_TYPE = YES;
				GCC_WARN_UNUSED_VARIABLE = YES;
				GENERATE_PKGINFO_FILE = YES;
				INFOPLIST_FILE = "Resources/SpectrumAU/SpectrumAU-Info.plist";
				INSTALL_PATH = "$(USER_LIBRARY_DIR)/Audio/Plug-Ins/Components/";
				MACOSX_DEPLOYMENT_TARGET = 10.7;
				ONLY_ACTIVE_ARCH = YES;
				OTHER_LDFLAGS = "-bundle";
				PRODUCT_NAME = "$(TARGET_NAME)";
				REZ_SEARCH_PATHS = (
					/Developer/Extras/CoreAudio/AudioUnits/AUPublic/AUBase,
					/System/Library/Frameworks/CoreServices.framework/Frameworks/CarbonCore.framework/Versions/A/Headers,
				);
				SDKROOT = macosx;
				WRAPPER_EXTENSION = component;
			};
			name = Debug;
		};
		B63A971C14657AE9002D8A37 /* Release */ = {
			isa = XCBuildConfiguration;
			buildSettings = {
				ALWAYS_SEARCH_USER_PATHS = YES;
				ARCHS = "$(ARCHS_STANDARD_64_BIT)";
				COPY_PHASE_STRIP = YES;
				DEBUG_INFORMATION_FORMAT = "dwarf-with-dsym";
				EXPORTED_SYMBOLS_FILE = Sources/SpectrumAU/Spectrum.exp;
				GCC_C_LANGUAGE_STANDARD = gnu99;
				GCC_ENABLE_OBJC_EXCEPTIONS = YES;
				GCC_PRECOMPILE_PREFIX_HEADER = YES;
				GCC_PREFIX_HEADER = "Resources/SpectrumAU/SpectrumAU-Prefix.pch";
				GCC_VERSION = com.apple.compilers.llvm.clang.1_0;
				GCC_WARN_64_TO_32_BIT_CONVERSION = NO;
				GCC_WARN_ABOUT_MISSING_PROTOTYPES = YES;
				GCC_WARN_ABOUT_RETURN_TYPE = YES;
				GCC_WARN_UNUSED_VARIABLE = YES;
				GENERATE_PKGINFO_FILE = YES;
				INFOPLIST_FILE = "Resources/SpectrumAU/SpectrumAU-Info.plist";
				INSTALL_PATH = "$(USER_LIBRARY_DIR)/Audio/Plug-Ins/Components/";
				MACOSX_DEPLOYMENT_TARGET = 10.7;
				OTHER_LDFLAGS = "-bundle";
				PRODUCT_NAME = "$(TARGET_NAME)";
				REZ_SEARCH_PATHS = (
					/Developer/Extras/CoreAudio/AudioUnits/AUPublic/AUBase,
					/System/Library/Frameworks/CoreServices.framework/Frameworks/CarbonCore.framework/Versions/A/Headers,
				);
				SDKROOT = macosx;
				WRAPPER_EXTENSION = component;
			};
			name = Release;
		};
/* End XCBuildConfiguration section */

/* Begin XCConfigurationList section */
		B63A96A214656852002D8A37 /* Build configuration list for PBXProject "SimpleSprectrumAnalyzer" */ = {
			isa = XCConfigurationList;
			buildConfigurations = (
				B63A96A414656852002D8A37 /* Debug */,
				B63A96A514656852002D8A37 /* Release */,
			);
			defaultConfigurationIsVisible = 0;
			defaultConfigurationName = Debug;
		};
		B63A96FE14657837002D8A37 /* Build configuration list for PBXNativeTarget "SpectrumCocoaView" */ = {
			isa = XCConfigurationList;
			buildConfigurations = (
				B63A96FF14657837002D8A37 /* Debug */,
				B63A970014657837002D8A37 /* Release */,
			);
			defaultConfigurationIsVisible = 0;
		};
		B63A971A14657AE9002D8A37 /* Build configuration list for PBXNativeTarget "SpectrumAU" */ = {
			isa = XCConfigurationList;
			buildConfigurations = (
				B63A971B14657AE9002D8A37 /* Debug */,
				B63A971C14657AE9002D8A37 /* Release */,
			);
			defaultConfigurationIsVisible = 0;
		};
/* End XCConfigurationList section */
	};
	rootObject = B63A969F14656852002D8A37 /* Project object */;
}
